// !$*UTF8*$!
{
	archiveVersion = 1;
	classes = {
	};
	objectVersion = 46;
	objects = {

/* Begin PBXBuildFile section */
		338C2503133EBEFE00C4740B /* autofit.c in Sources */ = {isa = PBXBuildFile; fileRef = 338C2502133EBEFE00C4740B /* autofit.c */; };
		338C2511133EBF3400C4740B /* ftbase.c in Sources */ = {isa = PBXBuildFile; fileRef = 338C2504133EBF3400C4740B /* ftbase.c */; };
		338C2512133EBF3400C4740B /* ftbbox.c in Sources */ = {isa = PBXBuildFile; fileRef = 338C2505133EBF3400C4740B /* ftbbox.c */; };
		338C2513133EBF3400C4740B /* ftbitmap.c in Sources */ = {isa = PBXBuildFile; fileRef = 338C2506133EBF3400C4740B /* ftbitmap.c */; };
		338C2514133EBF3400C4740B /* ftdebug.c in Sources */ = {isa = PBXBuildFile; fileRef = 338C2507133EBF3400C4740B /* ftdebug.c */; };
		338C2515133EBF3400C4740B /* ftglyph.c in Sources */ = {isa = PBXBuildFile; fileRef = 338C2508133EBF3400C4740B /* ftglyph.c */; };
		338C2516133EBF3400C4740B /* ftinit.c in Sources */ = {isa = PBXBuildFile; fileRef = 338C2509133EBF3400C4740B /* ftinit.c */; };
		338C2517133EBF3400C4740B /* ftmm.c in Sources */ = {isa = PBXBuildFile; fileRef = 338C250A133EBF3400C4740B /* ftmm.c */; };
		338C2518133EBF3400C4740B /* ftpfr.c in Sources */ = {isa = PBXBuildFile; fileRef = 338C250B133EBF3400C4740B /* ftpfr.c */; };
		338C2519133EBF3400C4740B /* ftstroke.c in Sources */ = {isa = PBXBuildFile; fileRef = 338C250C133EBF3400C4740B /* ftstroke.c */; };
		338C251A133EBF3400C4740B /* ftsynth.c in Sources */ = {isa = PBXBuildFile; fileRef = 338C250D133EBF3400C4740B /* ftsynth.c */; };
		338C251B133EBF3400C4740B /* ftsystem.c in Sources */ = {isa = PBXBuildFile; fileRef = 338C250E133EBF3400C4740B /* ftsystem.c */; };
		338C251C133EBF3400C4740B /* fttype1.c in Sources */ = {isa = PBXBuildFile; fileRef = 338C250F133EBF3400C4740B /* fttype1.c */; };
		338C251D133EBF3400C4740B /* ftwinfnt.c in Sources */ = {isa = PBXBuildFile; fileRef = 338C2510133EBF3400C4740B /* ftwinfnt.c */; };
		338C251F133EBF4300C4740B /* bdf.c in Sources */ = {isa = PBXBuildFile; fileRef = 338C251E133EBF4300C4740B /* bdf.c */; };
		338C2521133EBF4900C4740B /* cff.c in Sources */ = {isa = PBXBuildFile; fileRef = 338C2520133EBF4900C4740B /* cff.c */; };
		338C2523133EBF5000C4740B /* type1cid.c in Sources */ = {isa = PBXBuildFile; fileRef = 338C2522133EBF5000C4740B /* type1cid.c */; };
		338C2525133EBF5F00C4740B /* ftgzip.c in Sources */ = {isa = PBXBuildFile; fileRef = 338C2524133EBF5F00C4740B /* ftgzip.c */; };
		338C2527133EBF6600C4740B /* ftlzw.c in Sources */ = {isa = PBXBuildFile; fileRef = 338C2526133EBF6600C4740B /* ftlzw.c */; };
		338C252C133EBF7100C4740B /* pcf.c in Sources */ = {isa = PBXBuildFile; fileRef = 338C252B133EBF7100C4740B /* pcf.c */; };
		338C252E133EBF7700C4740B /* pfr.c in Sources */ = {isa = PBXBuildFile; fileRef = 338C252D133EBF7700C4740B /* pfr.c */; };
		338C2530133EBF7D00C4740B /* psaux.c in Sources */ = {isa = PBXBuildFile; fileRef = 338C252F133EBF7D00C4740B /* psaux.c */; };
		338C2532133EBF8A00C4740B /* pshinter.c in Sources */ = {isa = PBXBuildFile; fileRef = 338C2531133EBF8A00C4740B /* pshinter.c */; };
		338C2534133EBF9000C4740B /* psmodule.c in Sources */ = {isa = PBXBuildFile; fileRef = 338C2533133EBF9000C4740B /* psmodule.c */; };
		338C2536133EBF9900C4740B /* raster.c in Sources */ = {isa = PBXBuildFile; fileRef = 338C2535133EBF9900C4740B /* raster.c */; };
		338C2538133EBF9E00C4740B /* sfnt.c in Sources */ = {isa = PBXBuildFile; fileRef = 338C2537133EBF9E00C4740B /* sfnt.c */; };
		338C253A133EBFA400C4740B /* smooth.c in Sources */ = {isa = PBXBuildFile; fileRef = 338C2539133EBFA400C4740B /* smooth.c */; };
		338C253C133EBFB300C4740B /* truetype.c in Sources */ = {isa = PBXBuildFile; fileRef = 338C253B133EBFB300C4740B /* truetype.c */; };
		338C253E133EBFB800C4740B /* type1.c in Sources */ = {isa = PBXBuildFile; fileRef = 338C253D133EBFB800C4740B /* type1.c */; };
		338C2540133EBFBD00C4740B /* type42.c in Sources */ = {isa = PBXBuildFile; fileRef = 338C253F133EBFBD00C4740B /* type42.c */; };
		338C2542133EBFC300C4740B /* winfnt.c in Sources */ = {isa = PBXBuildFile; fileRef = 338C2541133EBFC300C4740B /* winfnt.c */; };
		AACBBE4A0F95108600F1A2B1 /* Foundation.framework in Frameworks */ = {isa = PBXBuildFile; fileRef = AACBBE490F95108600F1A2B1 /* Foundation.framework */; };
/* End PBXBuildFile section */

/* Begin PBXFileReference section */
		338C2502133EBEFE00C4740B /* autofit.c */ = {isa = PBXFileReference; fileEncoding = 4; lastKnownFileType = sourcecode.c.c; name = autofit.c; path = "../../../Extern/freetype-2.4.4/src/autofit/autofit.c"; sourceTree = SOURCE_ROOT; };
		338C2504133EBF3400C4740B /* ftbase.c */ = {isa = PBXFileReference; fileEncoding = 4; lastKnownFileType = sourcecode.c.c; name = ftbase.c; path = "../../../Extern/freetype-2.4.4/src/base/ftbase.c"; sourceTree = SOURCE_ROOT; };
		338C2505133EBF3400C4740B /* ftbbox.c */ = {isa = PBXFileReference; fileEncoding = 4; lastKnownFileType = sourcecode.c.c; name = ftbbox.c; path = "../../../Extern/freetype-2.4.4/src/base/ftbbox.c"; sourceTree = SOURCE_ROOT; };
		338C2506133EBF3400C4740B /* ftbitmap.c */ = {isa = PBXFileReference; fileEncoding = 4; lastKnownFileType = sourcecode.c.c; name = ftbitmap.c; path = "../../../Extern/freetype-2.4.4/src/base/ftbitmap.c"; sourceTree = SOURCE_ROOT; };
		338C2507133EBF3400C4740B /* ftdebug.c */ = {isa = PBXFileReference; fileEncoding = 4; lastKnownFileType = sourcecode.c.c; name = ftdebug.c; path = "../../../Extern/freetype-2.4.4/src/base/ftdebug.c"; sourceTree = SOURCE_ROOT; };
		338C2508133EBF3400C4740B /* ftglyph.c */ = {isa = PBXFileReference; fileEncoding = 4; lastKnownFileType = sourcecode.c.c; name = ftglyph.c; path = "../../../Extern/freetype-2.4.4/src/base/ftglyph.c"; sourceTree = SOURCE_ROOT; };
		338C2509133EBF3400C4740B /* ftinit.c */ = {isa = PBXFileReference; fileEncoding = 4; lastKnownFileType = sourcecode.c.c; name = ftinit.c; path = "../../../Extern/freetype-2.4.4/src/base/ftinit.c"; sourceTree = SOURCE_ROOT; };
		338C250A133EBF3400C4740B /* ftmm.c */ = {isa = PBXFileReference; fileEncoding = 4; lastKnownFileType = sourcecode.c.c; name = ftmm.c; path = "../../../Extern/freetype-2.4.4/src/base/ftmm.c"; sourceTree = SOURCE_ROOT; };
		338C250B133EBF3400C4740B /* ftpfr.c */ = {isa = PBXFileReference; fileEncoding = 4; lastKnownFileType = sourcecode.c.c; name = ftpfr.c; path = "../../../Extern/freetype-2.4.4/src/base/ftpfr.c"; sourceTree = SOURCE_ROOT; };
		338C250C133EBF3400C4740B /* ftstroke.c */ = {isa = PBXFileReference; fileEncoding = 4; lastKnownFileType = sourcecode.c.c; name = ftstroke.c; path = "../../../Extern/freetype-2.4.4/src/base/ftstroke.c"; sourceTree = SOURCE_ROOT; };
		338C250D133EBF3400C4740B /* ftsynth.c */ = {isa = PBXFileReference; fileEncoding = 4; lastKnownFileType = sourcecode.c.c; name = ftsynth.c; path = "../../../Extern/freetype-2.4.4/src/base/ftsynth.c"; sourceTree = SOURCE_ROOT; };
		338C250E133EBF3400C4740B /* ftsystem.c */ = {isa = PBXFileReference; fileEncoding = 4; lastKnownFileType = sourcecode.c.c; name = ftsystem.c; path = "../../../Extern/freetype-2.4.4/src/base/ftsystem.c"; sourceTree = SOURCE_ROOT; };
		338C250F133EBF3400C4740B /* fttype1.c */ = {isa = PBXFileReference; fileEncoding = 4; lastKnownFileType = sourcecode.c.c; name = fttype1.c; path = "../../../Extern/freetype-2.4.4/src/base/fttype1.c"; sourceTree = SOURCE_ROOT; };
		338C2510133EBF3400C4740B /* ftwinfnt.c */ = {isa = PBXFileReference; fileEncoding = 4; lastKnownFileType = sourcecode.c.c; name = ftwinfnt.c; path = "../../../Extern/freetype-2.4.4/src/base/ftwinfnt.c"; sourceTree = SOURCE_ROOT; };
		338C251E133EBF4300C4740B /* bdf.c */ = {isa = PBXFileReference; fileEncoding = 4; lastKnownFileType = sourcecode.c.c; name = bdf.c; path = "../../../Extern/freetype-2.4.4/src/bdf/bdf.c"; sourceTree = SOURCE_ROOT; };
		338C2520133EBF4900C4740B /* cff.c */ = {isa = PBXFileReference; fileEncoding = 4; lastKnownFileType = sourcecode.c.c; name = cff.c; path = "../../../Extern/freetype-2.4.4/src/cff/cff.c"; sourceTree = SOURCE_ROOT; };
		338C2522133EBF5000C4740B /* type1cid.c */ = {isa = PBXFileReference; fileEncoding = 4; lastKnownFileType = sourcecode.c.c; name = type1cid.c; path = "../../../Extern/freetype-2.4.4/src/cid/type1cid.c"; sourceTree = SOURCE_ROOT; };
		338C2524133EBF5F00C4740B /* ftgzip.c */ = {isa = PBXFileReference; fileEncoding = 4; lastKnownFileType = sourcecode.c.c; name = ftgzip.c; path = "../../../Extern/freetype-2.4.4/src/gzip/ftgzip.c"; sourceTree = SOURCE_ROOT; };
		338C2526133EBF6600C4740B /* ftlzw.c */ = {isa = PBXFileReference; fileEncoding = 4; lastKnownFileType = sourcecode.c.c; name = ftlzw.c; path = "../../../Extern/freetype-2.4.4/src/lzw/ftlzw.c"; sourceTree = SOURCE_ROOT; };
		338C252B133EBF7100C4740B /* pcf.c */ = {isa = PBXFileReference; fileEncoding = 4; lastKnownFileType = sourcecode.c.c; name = pcf.c; path = "../../../Extern/freetype-2.4.4/src/pcf/pcf.c"; sourceTree = SOURCE_ROOT; };
		338C252D133EBF7700C4740B /* pfr.c */ = {isa = PBXFileReference; fileEncoding = 4; lastKnownFileType = sourcecode.c.c; name = pfr.c; path = "../../../Extern/freetype-2.4.4/src/pfr/pfr.c"; sourceTree = SOURCE_ROOT; };
		338C252F133EBF7D00C4740B /* psaux.c */ = {isa = PBXFileReference; fileEncoding = 4; lastKnownFileType = sourcecode.c.c; name = psaux.c; path = "../../../Extern/freetype-2.4.4/src/psaux/psaux.c"; sourceTree = SOURCE_ROOT; };
		338C2531133EBF8A00C4740B /* pshinter.c */ = {isa = PBXFileReference; fileEncoding = 4; lastKnownFileType = sourcecode.c.c; name = pshinter.c; path = "../../../Extern/freetype-2.4.4/src/pshinter/pshinter.c"; sourceTree = SOURCE_ROOT; };
		338C2533133EBF9000C4740B /* psmodule.c */ = {isa = PBXFileReference; fileEncoding = 4; lastKnownFileType = sourcecode.c.c; name = psmodule.c; path = "../../../Extern/freetype-2.4.4/src/psnames/psmodule.c"; sourceTree = SOURCE_ROOT; };
		338C2535133EBF9900C4740B /* raster.c */ = {isa = PBXFileReference; fileEncoding = 4; lastKnownFileType = sourcecode.c.c; name = raster.c; path = "../../../Extern/freetype-2.4.4/src/raster/raster.c"; sourceTree = SOURCE_ROOT; };
		338C2537133EBF9E00C4740B /* sfnt.c */ = {isa = PBXFileReference; fileEncoding = 4; lastKnownFileType = sourcecode.c.c; name = sfnt.c; path = "../../../Extern/freetype-2.4.4/src/sfnt/sfnt.c"; sourceTree = SOURCE_ROOT; };
		338C2539133EBFA400C4740B /* smooth.c */ = {isa = PBXFileReference; fileEncoding = 4; lastKnownFileType = sourcecode.c.c; name = smooth.c; path = "../../../Extern/freetype-2.4.4/src/smooth/smooth.c"; sourceTree = SOURCE_ROOT; };
		338C253B133EBFB300C4740B /* truetype.c */ = {isa = PBXFileReference; fileEncoding = 4; lastKnownFileType = sourcecode.c.c; name = truetype.c; path = "../../../Extern/freetype-2.4.4/src/truetype/truetype.c"; sourceTree = SOURCE_ROOT; };
		338C253D133EBFB800C4740B /* type1.c */ = {isa = PBXFileReference; fileEncoding = 4; lastKnownFileType = sourcecode.c.c; name = type1.c; path = "../../../Extern/freetype-2.4.4/src/type1/type1.c"; sourceTree = SOURCE_ROOT; };
		338C253F133EBFBD00C4740B /* type42.c */ = {isa = PBXFileReference; fileEncoding = 4; lastKnownFileType = sourcecode.c.c; name = type42.c; path = "../../../Extern/freetype-2.4.4/src/type42/type42.c"; sourceTree = SOURCE_ROOT; };
		338C2541133EBFC300C4740B /* winfnt.c */ = {isa = PBXFileReference; fileEncoding = 4; lastKnownFileType = sourcecode.c.c; name = winfnt.c; path = "../../../Extern/freetype-2.4.4/src/winfonts/winfnt.c"; sourceTree = SOURCE_ROOT; };
		AACBBE490F95108600F1A2B1 /* Foundation.framework */ = {isa = PBXFileReference; lastKnownFileType = wrapper.framework; name = Foundation.framework; path = System/Library/Frameworks/Foundation.framework; sourceTree = SDKROOT; };
		D2AAC07E0554694100DB518D /* libfreetype.a */ = {isa = PBXFileReference; explicitFileType = archive.ar; includeInIndex = 0; path = libfreetype.a; sourceTree = BUILT_PRODUCTS_DIR; };
/* End PBXFileReference section */

/* Begin PBXFrameworksBuildPhase section */
		D2AAC07C0554694100DB518D /* Frameworks */ = {
			isa = PBXFrameworksBuildPhase;
			buildActionMask = 2147483647;
			files = (
				AACBBE4A0F95108600F1A2B1 /* Foundation.framework in Frameworks */,
			);
			runOnlyForDeploymentPostprocessing = 0;
		};
/* End PBXFrameworksBuildPhase section */

/* Begin PBXGroup section */
		034768DFFF38A50411DB9C8B /* Products */ = {
			isa = PBXGroup;
			children = (
				D2AAC07E0554694100DB518D /* libfreetype.a */,
			);
			name = Products;
			sourceTree = "<group>";
		};
		0867D691FE84028FC02AAC07 /* freetype */ = {
			isa = PBXGroup;
			children = (
				338C24AE133EBD6800C4740B /* Source */,
				0867D69AFE84028FC02AAC07 /* Frameworks */,
				034768DFFF38A50411DB9C8B /* Products */,
			);
			name = freetype;
			sourceTree = "<group>";
		};
		0867D69AFE84028FC02AAC07 /* Frameworks */ = {
			isa = PBXGroup;
			children = (
				AACBBE490F95108600F1A2B1 /* Foundation.framework */,
			);
			name = Frameworks;
			sourceTree = "<group>";
		};
		338C24AE133EBD6800C4740B /* Source */ = {
			isa = PBXGroup;
			children = (
				338C2541133EBFC300C4740B /* winfnt.c */,
				338C253F133EBFBD00C4740B /* type42.c */,
				338C253D133EBFB800C4740B /* type1.c */,
				338C253B133EBFB300C4740B /* truetype.c */,
				338C2539133EBFA400C4740B /* smooth.c */,
				338C2537133EBF9E00C4740B /* sfnt.c */,
				338C2535133EBF9900C4740B /* raster.c */,
				338C2533133EBF9000C4740B /* psmodule.c */,
				338C2531133EBF8A00C4740B /* pshinter.c */,
				338C252F133EBF7D00C4740B /* psaux.c */,
				338C252D133EBF7700C4740B /* pfr.c */,
				338C252B133EBF7100C4740B /* pcf.c */,
				338C2526133EBF6600C4740B /* ftlzw.c */,
				338C2524133EBF5F00C4740B /* ftgzip.c */,
				338C2522133EBF5000C4740B /* type1cid.c */,
				338C2520133EBF4900C4740B /* cff.c */,
				338C251E133EBF4300C4740B /* bdf.c */,
				338C2504133EBF3400C4740B /* ftbase.c */,
				338C2505133EBF3400C4740B /* ftbbox.c */,
				338C2506133EBF3400C4740B /* ftbitmap.c */,
				338C2507133EBF3400C4740B /* ftdebug.c */,
				338C2508133EBF3400C4740B /* ftglyph.c */,
				338C2509133EBF3400C4740B /* ftinit.c */,
				338C250A133EBF3400C4740B /* ftmm.c */,
				338C250B133EBF3400C4740B /* ftpfr.c */,
				338C250C133EBF3400C4740B /* ftstroke.c */,
				338C250D133EBF3400C4740B /* ftsynth.c */,
				338C250E133EBF3400C4740B /* ftsystem.c */,
				338C250F133EBF3400C4740B /* fttype1.c */,
				338C2510133EBF3400C4740B /* ftwinfnt.c */,
				338C2502133EBEFE00C4740B /* autofit.c */,
			);
			name = Source;
			sourceTree = "<group>";
		};
/* End PBXGroup section */

/* Begin PBXHeadersBuildPhase section */
		D2AAC07A0554694100DB518D /* Headers */ = {
			isa = PBXHeadersBuildPhase;
			buildActionMask = 2147483647;
			files = (
			);
			runOnlyForDeploymentPostprocessing = 0;
		};
/* End PBXHeadersBuildPhase section */

/* Begin PBXNativeTarget section */
		D2AAC07D0554694100DB518D /* freetype */ = {
			isa = PBXNativeTarget;
			buildConfigurationList = 1DEB921E08733DC00010E9CD /* Build configuration list for PBXNativeTarget "freetype" */;
			buildPhases = (
				D2AAC07A0554694100DB518D /* Headers */,
				D2AAC07B0554694100DB518D /* Sources */,
				D2AAC07C0554694100DB518D /* Frameworks */,
			);
			buildRules = (
			);
			dependencies = (
			);
			name = freetype;
			productName = freetype;
			productReference = D2AAC07E0554694100DB518D /* libfreetype.a */;
			productType = "com.apple.product-type.library.static";
		};
/* End PBXNativeTarget section */

/* Begin PBXProject section */
		0867D690FE84028FC02AAC07 /* Project object */ = {
			isa = PBXProject;
			attributes = {
				LastUpgradeCheck = 0410;
			};
			buildConfigurationList = 1DEB922208733DC00010E9CD /* Build configuration list for PBXProject "freetype" */;
			compatibilityVersion = "Xcode 3.2";
			developmentRegion = English;
			hasScannedForEncodings = 1;
			knownRegions = (
				English,
				Japanese,
				French,
				German,
			);
			mainGroup = 0867D691FE84028FC02AAC07 /* freetype */;
			productRefGroup = 034768DFFF38A50411DB9C8B /* Products */;
			projectDirPath = "";
			projectRoot = "";
			targets = (
				D2AAC07D0554694100DB518D /* freetype */,
			);
		};
/* End PBXProject section */

/* Begin PBXSourcesBuildPhase section */
		D2AAC07B0554694100DB518D /* Sources */ = {
			isa = PBXSourcesBuildPhase;
			buildActionMask = 2147483647;
			files = (
				338C2503133EBEFE00C4740B /* autofit.c in Sources */,
				338C2511133EBF3400C4740B /* ftbase.c in Sources */,
				338C2512133EBF3400C4740B /* ftbbox.c in Sources */,
				338C2513133EBF3400C4740B /* ftbitmap.c in Sources */,
				338C2514133EBF3400C4740B /* ftdebug.c in Sources */,
				338C2515133EBF3400C4740B /* ftglyph.c in Sources */,
				338C2516133EBF3400C4740B /* ftinit.c in Sources */,
				338C2517133EBF3400C4740B /* ftmm.c in Sources */,
				338C2518133EBF3400C4740B /* ftpfr.c in Sources */,
				338C2519133EBF3400C4740B /* ftstroke.c in Sources */,
				338C251A133EBF3400C4740B /* ftsynth.c in Sources */,
				338C251B133EBF3400C4740B /* ftsystem.c in Sources */,
				338C251C133EBF3400C4740B /* fttype1.c in Sources */,
				338C251D133EBF3400C4740B /* ftwinfnt.c in Sources */,
				338C251F133EBF4300C4740B /* bdf.c in Sources */,
				338C2521133EBF4900C4740B /* cff.c in Sources */,
				338C2523133EBF5000C4740B /* type1cid.c in Sources */,
				338C2525133EBF5F00C4740B /* ftgzip.c in Sources */,
				338C2527133EBF6600C4740B /* ftlzw.c in Sources */,
				338C252C133EBF7100C4740B /* pcf.c in Sources */,
				338C252E133EBF7700C4740B /* pfr.c in Sources */,
				338C2530133EBF7D00C4740B /* psaux.c in Sources */,
				338C2532133EBF8A00C4740B /* pshinter.c in Sources */,
				338C2534133EBF9000C4740B /* psmodule.c in Sources */,
				338C2536133EBF9900C4740B /* raster.c in Sources */,
				338C2538133EBF9E00C4740B /* sfnt.c in Sources */,
				338C253A133EBFA400C4740B /* smooth.c in Sources */,
				338C253C133EBFB300C4740B /* truetype.c in Sources */,
				338C253E133EBFB800C4740B /* type1.c in Sources */,
				338C2540133EBFBD00C4740B /* type42.c in Sources */,
				338C2542133EBFC300C4740B /* winfnt.c in Sources */,
			);
			runOnlyForDeploymentPostprocessing = 0;
		};
/* End PBXSourcesBuildPhase section */

/* Begin XCBuildConfiguration section */
		1DEB921F08733DC00010E9CD /* Debug */ = {
			isa = XCBuildConfiguration;
			buildSettings = {
				ALWAYS_SEARCH_USER_PATHS = NO;
				ARCHS = "$(ARCHS_UNIVERSAL_IPHONE_OS)";
				COPY_PHASE_STRIP = NO;
				DSTROOT = /tmp/freetype.dst;
				GCC_DYNAMIC_NO_PIC = NO;
				GCC_MODEL_TUNING = G5;
				GCC_OPTIMIZATION_LEVEL = 0;
				GCC_PRECOMPILE_PREFIX_HEADER = YES;
				GCC_PREFIX_HEADER = freetype_Prefix.pch;
				INSTALL_PATH = /usr/local/lib;
				PRODUCT_NAME = freetype;
			};
			name = Debug;
		};
		1DEB922008733DC00010E9CD /* Developer */ = {
			isa = XCBuildConfiguration;
			buildSettings = {
				ALWAYS_SEARCH_USER_PATHS = NO;
				ARCHS = "$(ARCHS_UNIVERSAL_IPHONE_OS)";
				DSTROOT = /tmp/freetype.dst;
				GCC_MODEL_TUNING = G5;
				GCC_PRECOMPILE_PREFIX_HEADER = YES;
				GCC_PREFIX_HEADER = freetype_Prefix.pch;
				INSTALL_PATH = /usr/local/lib;
				PRODUCT_NAME = freetype;
			};
			name = Developer;
		};
		1DEB922308733DC00010E9CD /* Debug */ = {
			isa = XCBuildConfiguration;
			buildSettings = {
				GCC_C_LANGUAGE_STANDARD = c99;
				GCC_OPTIMIZATION_LEVEL = 0;
				GCC_PREPROCESSOR_DEFINITIONS = (
					DARWIN_NO_CARBON,
					FT2_BUILD_LIBRARY,
					DEBUG,
					_DEBUG,
				);
				GCC_VERSION = com.apple.compilers.llvmgcc42;
				GCC_WARN_ABOUT_RETURN_TYPE = YES;
				GCC_WARN_UNUSED_VARIABLE = YES;
				HEADER_SEARCH_PATHS = "../../../Extern/freetype-2.4.4/include";
				IPHONEOS_DEPLOYMENT_TARGET = 4.3;
				OTHER_LDFLAGS = (
					"-all_load",
					"-ObjC",
				);
				SDKROOT = iphoneos;
				SKIP_INSTALL = YES;
				TARGETED_DEVICE_FAMILY = "1,2";
				USE_HEADERMAP = NO;
				VALID_ARCHS = armv7;
			};
			name = Debug;
		};
		1DEB922408733DC00010E9CD /* Developer */ = {
			isa = XCBuildConfiguration;
			buildSettings = {
				GCC_C_LANGUAGE_STANDARD = c99;
				GCC_OPTIMIZATION_LEVEL = 3;
				GCC_PREPROCESSOR_DEFINITIONS = (
					DARWIN_NO_CARBON,
					FT2_BUILD_LIBRARY,
					NDEBUG,
				);
				GCC_VERSION = com.apple.compilers.llvmgcc42;
				GCC_WARN_ABOUT_RETURN_TYPE = YES;
				GCC_WARN_UNUSED_VARIABLE = YES;
				HEADER_SEARCH_PATHS = "../../../Extern/freetype-2.4.4/include";
				IPHONEOS_DEPLOYMENT_TARGET = 4.3;
				OTHER_LDFLAGS = (
					"-all_load",
					"-ObjC",
				);
				SDKROOT = iphoneos;
				SKIP_INSTALL = YES;
				TARGETED_DEVICE_FAMILY = "1,2";
				VALID_ARCHS = armv7;
			};
			name = Developer;
		};
		334F851B144D57680093BDEE /* GoldenNoOpt */ = {
			isa = XCBuildConfiguration;
			buildSettings = {
				GCC_C_LANGUAGE_STANDARD = c99;
				GCC_OPTIMIZATION_LEVEL = 0;
				GCC_PREPROCESSOR_DEFINITIONS = (
					DARWIN_NO_CARBON,
					FT2_BUILD_LIBRARY,
					NDEBUG,
				);
				GCC_VERSION = com.apple.compilers.llvmgcc42;
				GCC_WARN_ABOUT_RETURN_TYPE = YES;
				GCC_WARN_UNUSED_VARIABLE = YES;
				HEADER_SEARCH_PATHS = "../../../Extern/freetype-2.4.4/include";
				IPHONEOS_DEPLOYMENT_TARGET = 4.3;
				OTHER_LDFLAGS = (
					"-all_load",
					"-ObjC",
				);
				SDKROOT = iphoneos;
				SKIP_INSTALL = YES;
				TARGETED_DEVICE_FAMILY = "1,2";
				VALID_ARCHS = armv7;
			};
			name = GoldenNoOpt;
		};
		334F851C144D57680093BDEE /* GoldenNoOpt */ = {
			isa = XCBuildConfiguration;
			buildSettings = {
				ALWAYS_SEARCH_USER_PATHS = NO;
				ARCHS = "$(ARCHS_UNIVERSAL_IPHONE_OS)";
				DSTROOT = /tmp/freetype.dst;
				GCC_MODEL_TUNING = G5;
				GCC_PRECOMPILE_PREFIX_HEADER = YES;
				GCC_PREFIX_HEADER = freetype_Prefix.pch;
				INSTALL_PATH = /usr/local/lib;
				PRODUCT_NAME = freetype;
			};
			name = GoldenNoOpt;
		};
		338C255E133EC15F00C4740B /* Golden */ = {
			isa = XCBuildConfiguration;
			buildSettings = {
				GCC_C_LANGUAGE_STANDARD = c99;
				GCC_OPTIMIZATION_LEVEL = 3;
				GCC_PREPROCESSOR_DEFINITIONS = (
					DARWIN_NO_CARBON,
					FT2_BUILD_LIBRARY,
					NDEBUG,
				);
				GCC_VERSION = com.apple.compilers.llvmgcc42;
				GCC_WARN_ABOUT_RETURN_TYPE = YES;
				GCC_WARN_UNUSED_VARIABLE = YES;
				HEADER_SEARCH_PATHS = "../../../Extern/freetype-2.4.4/include";
				IPHONEOS_DEPLOYMENT_TARGET = 4.3;
				OTHER_LDFLAGS = (
					"-all_load",
					"-ObjC",
				);
				SDKROOT = iphoneos;
				SKIP_INSTALL = YES;
				TARGETED_DEVICE_FAMILY = "1,2";
				VALID_ARCHS = armv7;
			};
			name = Golden;
		};
		338C255F133EC15F00C4740B /* Golden */ = {
			isa = XCBuildConfiguration;
			buildSettings = {
				ALWAYS_SEARCH_USER_PATHS = NO;
				ARCHS = "$(ARCHS_UNIVERSAL_IPHONE_OS)";
				DSTROOT = /tmp/freetype.dst;
				GCC_MODEL_TUNING = G5;
				GCC_PRECOMPILE_PREFIX_HEADER = YES;
				GCC_PREFIX_HEADER = freetype_Prefix.pch;
				INSTALL_PATH = /usr/local/lib;
				PRODUCT_NAME = freetype;
			};
			name = Golden;
		};
		33ACD73314CC7493007E46F7 /* App Store */ = {
			isa = XCBuildConfiguration;
			buildSettings = {
				GCC_C_LANGUAGE_STANDARD = c99;
				GCC_OPTIMIZATION_LEVEL = 3;
				GCC_PREPROCESSOR_DEFINITIONS = (
					DARWIN_NO_CARBON,
					FT2_BUILD_LIBRARY,
					NDEBUG,
				);
				GCC_VERSION = com.apple.compilers.llvmgcc42;
				GCC_WARN_ABOUT_RETURN_TYPE = YES;
				GCC_WARN_UNUSED_VARIABLE = YES;
				HEADER_SEARCH_PATHS = "../../../Extern/freetype-2.4.4/include";
				IPHONEOS_DEPLOYMENT_TARGET = 4.3;
				OTHER_LDFLAGS = (
					"-all_load",
					"-ObjC",
				);
				SDKROOT = iphoneos;
				SKIP_INSTALL = YES;
				TARGETED_DEVICE_FAMILY = "1,2";
				VALID_ARCHS = armv7;
			};
			name = "App Store";
		};
		33ACD73414CC7493007E46F7 /* App Store */ = {
			isa = XCBuildConfiguration;
			buildSettings = {
				ALWAYS_SEARCH_USER_PATHS = NO;
				ARCHS = "$(ARCHS_UNIVERSAL_IPHONE_OS)";
				DSTROOT = /tmp/freetype.dst;
				GCC_MODEL_TUNING = G5;
				GCC_PRECOMPILE_PREFIX_HEADER = YES;
				GCC_PREFIX_HEADER = freetype_Prefix.pch;
				INSTALL_PATH = /usr/local/lib;
				PRODUCT_NAME = freetype;
			};
			name = "App Store";
		};
		33E7444013E282DA005E25B8 /* AdHoc */ = {
			isa = XCBuildConfiguration;
			buildSettings = {
				GCC_C_LANGUAGE_STANDARD = c99;
				GCC_OPTIMIZATION_LEVEL = 3;
				GCC_PREPROCESSOR_DEFINITIONS = (
					DARWIN_NO_CARBON,
					FT2_BUILD_LIBRARY,
					NDEBUG,
				);
				GCC_VERSION = com.apple.compilers.llvmgcc42;
				GCC_WARN_ABOUT_RETURN_TYPE = YES;
				GCC_WARN_UNUSED_VARIABLE = YES;
				HEADER_SEARCH_PATHS = "../../../Extern/freetype-2.4.4/include";
				IPHONEOS_DEPLOYMENT_TARGET = 4.3;
				OTHER_LDFLAGS = (
					"-all_load",
					"-ObjC",
				);
				SDKROOT = iphoneos;
				SKIP_INSTALL = YES;
				TARGETED_DEVICE_FAMILY = "1,2";
				VALID_ARCHS = armv7;
			};
			name = AdHoc;
		};
		33E7444113E282DA005E25B8 /* AdHoc */ = {
			isa = XCBuildConfiguration;
			buildSettings = {
				ALWAYS_SEARCH_USER_PATHS = NO;
				ARCHS = "$(ARCHS_UNIVERSAL_IPHONE_OS)";
				DSTROOT = /tmp/freetype.dst;
				GCC_MODEL_TUNING = G5;
				GCC_PRECOMPILE_PREFIX_HEADER = YES;
				GCC_PREFIX_HEADER = freetype_Prefix.pch;
				INSTALL_PATH = /usr/local/lib;
				PRODUCT_NAME = freetype;
			};
			name = AdHoc;
		};
/* End XCBuildConfiguration section */

/* Begin XCConfigurationList section */
		1DEB921E08733DC00010E9CD /* Build configuration list for PBXNativeTarget "freetype" */ = {
			isa = XCConfigurationList;
			buildConfigurations = (
				1DEB921F08733DC00010E9CD /* Debug */,
				1DEB922008733DC00010E9CD /* Developer */,
				338C255F133EC15F00C4740B /* Golden */,
				334F851C144D57680093BDEE /* GoldenNoOpt */,
				33E7444113E282DA005E25B8 /* AdHoc */,
				33ACD73414CC7493007E46F7 /* App Store */,
			);
			defaultConfigurationIsVisible = 0;
			defaultConfigurationName = Golden;
		};
		1DEB922208733DC00010E9CD /* Build configuration list for PBXProject "freetype" */ = {
			isa = XCConfigurationList;
			buildConfigurations = (
				1DEB922308733DC00010E9CD /* Debug */,
				1DEB922408733DC00010E9CD /* Developer */,
				338C255E133EC15F00C4740B /* Golden */,
				334F851B144D57680093BDEE /* GoldenNoOpt */,
				33E7444013E282DA005E25B8 /* AdHoc */,
				33ACD73314CC7493007E46F7 /* App Store */,
			);
			defaultConfigurationIsVisible = 0;
			defaultConfigurationName = Golden;
		};
/* End XCConfigurationList section */
	};
	rootObject = 0867D690FE84028FC02AAC07 /* Project object */;
}
