// !$*UTF8*$!
{
	archiveVersion = 1;
	classes = {
	};
	objectVersion = 46;
	objects = {

/* Begin PBXBuildFile section */
		330A99B415BCA114002A81EC /* IntMain.h in Headers */ = {isa = PBXBuildFile; fileRef = 331949E015BA34BC00458F43 /* IntMain.h */; };
		330A99B515BCA114002A81EC /* NativeApp_inl.h in Headers */ = {isa = PBXBuildFile; fileRef = 331949E115BA34BC00458F43 /* NativeApp_inl.h */; };
		330A99B615BCA114002A81EC /* NativeApp.cpp in Sources */ = {isa = PBXBuildFile; fileRef = 331949E215BA34BC00458F43 /* NativeApp.cpp */; };
		330A99B715BCA114002A81EC /* NativeApp.h in Headers */ = {isa = PBXBuildFile; fileRef = 331949E315BA34BC00458F43 /* NativeApp.h */; };
		330A99B815BCA114002A81EC /* NativeAppBackend.h in Headers */ = {isa = PBXBuildFile; fileRef = 331949E415BA34BC00458F43 /* NativeAppBackend.h */; };
		330A99B915BCA114002A81EC /* NativeAppDef.h in Headers */ = {isa = PBXBuildFile; fileRef = 331949E515BA34BC00458F43 /* NativeAppDef.h */; };
		330A99BA15BCA114002A81EC /* NativeDeviceContext.h in Headers */ = {isa = PBXBuildFile; fileRef = 331949E615BA34BC00458F43 /* NativeDeviceContext.h */; };
		330A99BB15BCA114002A81EC /* null_CloudStorage.cpp in Sources */ = {isa = PBXBuildFile; fileRef = 331949E715BA34BC00458F43 /* null_CloudStorage.cpp */; };
		330A99BD15BCA115002A81EC /* IntMain.h in Headers */ = {isa = PBXBuildFile; fileRef = 331949E015BA34BC00458F43 /* IntMain.h */; };
		330A99BE15BCA115002A81EC /* NativeApp_inl.h in Headers */ = {isa = PBXBuildFile; fileRef = 331949E115BA34BC00458F43 /* NativeApp_inl.h */; };
		330A99BF15BCA115002A81EC /* NativeApp.cpp in Sources */ = {isa = PBXBuildFile; fileRef = 331949E215BA34BC00458F43 /* NativeApp.cpp */; };
		330A99C015BCA115002A81EC /* NativeApp.h in Headers */ = {isa = PBXBuildFile; fileRef = 331949E315BA34BC00458F43 /* NativeApp.h */; };
		330A99C115BCA115002A81EC /* NativeAppBackend.h in Headers */ = {isa = PBXBuildFile; fileRef = 331949E415BA34BC00458F43 /* NativeAppBackend.h */; };
		330A99C215BCA115002A81EC /* NativeAppDef.h in Headers */ = {isa = PBXBuildFile; fileRef = 331949E515BA34BC00458F43 /* NativeAppDef.h */; };
		330A99C315BCA115002A81EC /* NativeDeviceContext.h in Headers */ = {isa = PBXBuildFile; fileRef = 331949E615BA34BC00458F43 /* NativeDeviceContext.h */; };
		330A99C415BCA115002A81EC /* null_CloudStorage.cpp in Sources */ = {isa = PBXBuildFile; fileRef = 331949E715BA34BC00458F43 /* null_CloudStorage.cpp */; };
		330A99C715BCA126002A81EC /* OSXNativeApp.h in Headers */ = {isa = PBXBuildFile; fileRef = 331949EB15BA34BC00458F43 /* OSXNativeApp.h */; };
		330A99C815BCA126002A81EC /* OSXNativeApp.mm in Sources */ = {isa = PBXBuildFile; fileRef = 331949EC15BA34BC00458F43 /* OSXNativeApp.mm */; };
		330A99CC15BCA1D6002A81EC /* QtAppMain.cpp in Sources */ = {isa = PBXBuildFile; fileRef = 331949E815BA34BC00458F43 /* QtAppMain.cpp */; };
		330A99CD15BCA1D6002A81EC /* QtAppMain.h in Headers */ = {isa = PBXBuildFile; fileRef = 331949E915BA34BC00458F43 /* QtAppMain.h */; };
		33188E9B15BCA6D900C69D36 /* Cg.framework in Frameworks */ = {isa = PBXBuildFile; fileRef = 33194A0715BA36A900458F43 /* Cg.framework */; };
		33188E9D15BCA6E800C69D36 /* QtCore.framework in Frameworks */ = {isa = PBXBuildFile; fileRef = 33194A0115BA368300458F43 /* QtCore.framework */; };
		33188E9E15BCA6E800C69D36 /* QtGui.framework in Frameworks */ = {isa = PBXBuildFile; fileRef = 33194A0215BA368300458F43 /* QtGui.framework */; };
		33188E9F15BCA6E800C69D36 /* QtOpenGL.framework in Frameworks */ = {isa = PBXBuildFile; fileRef = 33194A0315BA368300458F43 /* QtOpenGL.framework */; };
		331949C615BA344A00458F43 /* Foundation.framework in Frameworks */ = {isa = PBXBuildFile; fileRef = 331949C515BA344A00458F43 /* Foundation.framework */; };
		331949F015BA34BC00458F43 /* IntMain.h in Headers */ = {isa = PBXBuildFile; fileRef = 331949E015BA34BC00458F43 /* IntMain.h */; };
		331949F115BA34BC00458F43 /* NativeApp_inl.h in Headers */ = {isa = PBXBuildFile; fileRef = 331949E115BA34BC00458F43 /* NativeApp_inl.h */; };
		331949F215BA34BC00458F43 /* NativeApp.cpp in Sources */ = {isa = PBXBuildFile; fileRef = 331949E215BA34BC00458F43 /* NativeApp.cpp */; };
		331949F315BA34BC00458F43 /* NativeApp.h in Headers */ = {isa = PBXBuildFile; fileRef = 331949E315BA34BC00458F43 /* NativeApp.h */; };
		331949F415BA34BC00458F43 /* NativeAppBackend.h in Headers */ = {isa = PBXBuildFile; fileRef = 331949E415BA34BC00458F43 /* NativeAppBackend.h */; };
		331949F515BA34BC00458F43 /* NativeAppDef.h in Headers */ = {isa = PBXBuildFile; fileRef = 331949E515BA34BC00458F43 /* NativeAppDef.h */; };
		331949F615BA34BC00458F43 /* NativeDeviceContext.h in Headers */ = {isa = PBXBuildFile; fileRef = 331949E615BA34BC00458F43 /* NativeDeviceContext.h */; };
		331949F715BA34BC00458F43 /* null_CloudStorage.cpp in Sources */ = {isa = PBXBuildFile; fileRef = 331949E715BA34BC00458F43 /* null_CloudStorage.cpp */; };
		336836CB15D41E8D00EE9472 /* AppleGameCenter.h in Headers */ = {isa = PBXBuildFile; fileRef = 336836C915D41E8D00EE9472 /* AppleGameCenter.h */; };
		336836CC15D41E8D00EE9472 /* AppleGameCenter.h in Headers */ = {isa = PBXBuildFile; fileRef = 336836C915D41E8D00EE9472 /* AppleGameCenter.h */; };
		336836CD15D41E8D00EE9472 /* AppleGameCenter.h in Headers */ = {isa = PBXBuildFile; fileRef = 336836C915D41E8D00EE9472 /* AppleGameCenter.h */; };
		336836CE15D41E8D00EE9472 /* AppleGameCenter.mm in Sources */ = {isa = PBXBuildFile; fileRef = 336836CA15D41E8D00EE9472 /* AppleGameCenter.mm */; };
		336836CF15D41E8D00EE9472 /* AppleGameCenter.mm in Sources */ = {isa = PBXBuildFile; fileRef = 336836CA15D41E8D00EE9472 /* AppleGameCenter.mm */; };
		336836D015D41E8D00EE9472 /* AppleGameCenter.mm in Sources */ = {isa = PBXBuildFile; fileRef = 336836CA15D41E8D00EE9472 /* AppleGameCenter.mm */; };
		337AE54715BF033700AD1617 /* GLContext.h in Headers */ = {isa = PBXBuildFile; fileRef = 337AE54615BF033700AD1617 /* GLContext.h */; };
		337AE54815BF033700AD1617 /* GLContext.h in Headers */ = {isa = PBXBuildFile; fileRef = 337AE54615BF033700AD1617 /* GLContext.h */; };
		337AE54915BF033700AD1617 /* GLContext.h in Headers */ = {isa = PBXBuildFile; fileRef = 337AE54615BF033700AD1617 /* GLContext.h */; };
		337AE77015BF217000AD1617 /* OSXNativeApp.mm in Sources */ = {isa = PBXBuildFile; fileRef = 331949EC15BA34BC00458F43 /* OSXNativeApp.mm */; };
		337AE77115BF217000AD1617 /* NativeApp.cpp in Sources */ = {isa = PBXBuildFile; fileRef = 331949E215BA34BC00458F43 /* NativeApp.cpp */; };
		337AE77215BF217000AD1617 /* null_CloudStorage.cpp in Sources */ = {isa = PBXBuildFile; fileRef = 331949E715BA34BC00458F43 /* null_CloudStorage.cpp */; };
		337AE77315BF217000AD1617 /* OSXMain.mm in Sources */ = {isa = PBXBuildFile; fileRef = 33194A2515BA4F4A00458F43 /* OSXMain.mm */; };
		337AE77415BF217000AD1617 /* AppDelegate.mm in Sources */ = {isa = PBXBuildFile; fileRef = 33194B2815BC8A6700458F43 /* AppDelegate.mm */; };
		337AE77715BF217000AD1617 /* OSXNativeApp.h in Headers */ = {isa = PBXBuildFile; fileRef = 331949EB15BA34BC00458F43 /* OSXNativeApp.h */; };
		337AE77815BF217000AD1617 /* IntMain.h in Headers */ = {isa = PBXBuildFile; fileRef = 331949E015BA34BC00458F43 /* IntMain.h */; };
		337AE77915BF217000AD1617 /* NativeApp_inl.h in Headers */ = {isa = PBXBuildFile; fileRef = 331949E115BA34BC00458F43 /* NativeApp_inl.h */; };
		337AE77A15BF217000AD1617 /* NativeApp.h in Headers */ = {isa = PBXBuildFile; fileRef = 331949E315BA34BC00458F43 /* NativeApp.h */; };
		337AE77B15BF217000AD1617 /* NativeAppBackend.h in Headers */ = {isa = PBXBuildFile; fileRef = 331949E415BA34BC00458F43 /* NativeAppBackend.h */; };
		337AE77C15BF217000AD1617 /* NativeAppDef.h in Headers */ = {isa = PBXBuildFile; fileRef = 331949E515BA34BC00458F43 /* NativeAppDef.h */; };
		337AE77D15BF217000AD1617 /* NativeDeviceContext.h in Headers */ = {isa = PBXBuildFile; fileRef = 331949E615BA34BC00458F43 /* NativeDeviceContext.h */; };
		337AE77E15BF217000AD1617 /* AppDelegate.h in Headers */ = {isa = PBXBuildFile; fileRef = 33194B2715BC8A6700458F43 /* AppDelegate.h */; };
		337AE77F15BF217000AD1617 /* GLContext.h in Headers */ = {isa = PBXBuildFile; fileRef = 337AE54615BF033700AD1617 /* GLContext.h */; };
		338BD5061638DCF600468A4D /* AppleGameCenter.mm in Sources */ = {isa = PBXBuildFile; fileRef = 336836CA15D41E8D00EE9472 /* AppleGameCenter.mm */; };
		338BD50A1638DDD800468A4D /* OSXMain.mm in Sources */ = {isa = PBXBuildFile; fileRef = 33194A2515BA4F4A00458F43 /* OSXMain.mm */; };
		33BF3FFB163378D0006DEAAE /* AppDelegate.h in Headers */ = {isa = PBXBuildFile; fileRef = 33BF3FF9163378D0006DEAAE /* AppDelegate.h */; };
		33BF3FFC163378D0006DEAAE /* AppDelegate.mm in Sources */ = {isa = PBXBuildFile; fileRef = 33BF3FFA163378D0006DEAAE /* AppDelegate.mm */; };
		33BF400216338420006DEAAE /* EAGLView.h in Headers */ = {isa = PBXBuildFile; fileRef = 33BF400016338420006DEAAE /* EAGLView.h */; };
		33BF400316338420006DEAAE /* EAGLView.mm in Sources */ = {isa = PBXBuildFile; fileRef = 33BF400116338420006DEAAE /* EAGLView.mm */; };
		33BF4007163396BF006DEAAE /* MainViewController.h in Headers */ = {isa = PBXBuildFile; fileRef = 33BF4005163396BE006DEAAE /* MainViewController.h */; };
		33BF4008163396BF006DEAAE /* MainViewController.mm in Sources */ = {isa = PBXBuildFile; fileRef = 33BF4006163396BF006DEAAE /* MainViewController.mm */; };
		33BF400C163398BD006DEAAE /* iOSNativeApp.h in Headers */ = {isa = PBXBuildFile; fileRef = 33BF400A163398BC006DEAAE /* iOSNativeApp.h */; };
		33BF400D163398BD006DEAAE /* iOSNativeApp.mm in Sources */ = {isa = PBXBuildFile; fileRef = 33BF400B163398BD006DEAAE /* iOSNativeApp.mm */; };
		33BF4010163398C6006DEAAE /* main.m in Sources */ = {isa = PBXBuildFile; fileRef = 33BF400F163398C6006DEAAE /* main.m */; };
		33FA7E1616339AE8002603A5 /* AppleHelpers.mm in Sources */ = {isa = PBXBuildFile; fileRef = 33FA7E1516339AE8002603A5 /* AppleHelpers.mm */; };
		33FA7E1716339AE8002603A5 /* AppleHelpers.mm in Sources */ = {isa = PBXBuildFile; fileRef = 33FA7E1516339AE8002603A5 /* AppleHelpers.mm */; };
		33FA7E7F1633AF7E002603A5 /* UIDevice-Hardware.h in Headers */ = {isa = PBXBuildFile; fileRef = 33FA7E7D1633AF7E002603A5 /* UIDevice-Hardware.h */; };
		33FA7E801633AF7E002603A5 /* UIDevice-Hardware.m in Sources */ = {isa = PBXBuildFile; fileRef = 33FA7E7E1633AF7E002603A5 /* UIDevice-Hardware.m */; };
		33FA7EA21633C9BB002603A5 /* AppleHelpers.mm in Sources */ = {isa = PBXBuildFile; fileRef = 33FA7E1516339AE8002603A5 /* AppleHelpers.mm */; };
		33FA7EA71633C9F2002603A5 /* NativeApp.cpp in Sources */ = {isa = PBXBuildFile; fileRef = 331949E215BA34BC00458F43 /* NativeApp.cpp */; };
		33FA7EA81633C9F2002603A5 /* null_CloudStorage.cpp in Sources */ = {isa = PBXBuildFile; fileRef = 331949E715BA34BC00458F43 /* null_CloudStorage.cpp */; };
		33FA7EAA1633C9F2002603A5 /* AppleGameCenter.mm in Sources */ = {isa = PBXBuildFile; fileRef = 336836CA15D41E8D00EE9472 /* AppleGameCenter.mm */; };
		33FA7EAB1633C9F2002603A5 /* AppDelegate.mm in Sources */ = {isa = PBXBuildFile; fileRef = 33BF3FFA163378D0006DEAAE /* AppDelegate.mm */; };
		33FA7EAC1633C9F2002603A5 /* EAGLView.mm in Sources */ = {isa = PBXBuildFile; fileRef = 33BF400116338420006DEAAE /* EAGLView.mm */; };
		33FA7EAD1633C9F2002603A5 /* MainViewController.mm in Sources */ = {isa = PBXBuildFile; fileRef = 33BF4006163396BF006DEAAE /* MainViewController.mm */; };
		33FA7EAE1633C9F2002603A5 /* iOSNativeApp.mm in Sources */ = {isa = PBXBuildFile; fileRef = 33BF400B163398BD006DEAAE /* iOSNativeApp.mm */; };
		33FA7EAF1633C9F2002603A5 /* main.m in Sources */ = {isa = PBXBuildFile; fileRef = 33BF400F163398C6006DEAAE /* main.m */; };
		33FA7EB01633C9F2002603A5 /* AppleHelpers.mm in Sources */ = {isa = PBXBuildFile; fileRef = 33FA7E1516339AE8002603A5 /* AppleHelpers.mm */; };
		33FA7EB11633C9F2002603A5 /* UIDevice-Hardware.m in Sources */ = {isa = PBXBuildFile; fileRef = 33FA7E7E1633AF7E002603A5 /* UIDevice-Hardware.m */; };
		33FA7EB31633C9F2002603A5 /* Foundation.framework in Frameworks */ = {isa = PBXBuildFile; fileRef = 331949C515BA344A00458F43 /* Foundation.framework */; };
		33FA7EB51633C9F2002603A5 /* IntMain.h in Headers */ = {isa = PBXBuildFile; fileRef = 331949E015BA34BC00458F43 /* IntMain.h */; };
		33FA7EB61633C9F2002603A5 /* NativeApp_inl.h in Headers */ = {isa = PBXBuildFile; fileRef = 331949E115BA34BC00458F43 /* NativeApp_inl.h */; };
		33FA7EB71633C9F2002603A5 /* NativeApp.h in Headers */ = {isa = PBXBuildFile; fileRef = 331949E315BA34BC00458F43 /* NativeApp.h */; };
		33FA7EB81633C9F2002603A5 /* NativeAppBackend.h in Headers */ = {isa = PBXBuildFile; fileRef = 331949E415BA34BC00458F43 /* NativeAppBackend.h */; };
		33FA7EB91633C9F2002603A5 /* NativeAppDef.h in Headers */ = {isa = PBXBuildFile; fileRef = 331949E515BA34BC00458F43 /* NativeAppDef.h */; };
		33FA7EBA1633C9F2002603A5 /* NativeDeviceContext.h in Headers */ = {isa = PBXBuildFile; fileRef = 331949E615BA34BC00458F43 /* NativeDeviceContext.h */; };
		33FA7EBB1633C9F2002603A5 /* GLContext.h in Headers */ = {isa = PBXBuildFile; fileRef = 337AE54615BF033700AD1617 /* GLContext.h */; };
		33FA7EBC1633C9F2002603A5 /* AppleGameCenter.h in Headers */ = {isa = PBXBuildFile; fileRef = 336836C915D41E8D00EE9472 /* AppleGameCenter.h */; };
		33FA7EBD1633C9F2002603A5 /* AppDelegate.h in Headers */ = {isa = PBXBuildFile; fileRef = 33BF3FF9163378D0006DEAAE /* AppDelegate.h */; };
		33FA7EBE1633C9F2002603A5 /* EAGLView.h in Headers */ = {isa = PBXBuildFile; fileRef = 33BF400016338420006DEAAE /* EAGLView.h */; };
		33FA7EBF1633C9F2002603A5 /* MainViewController.h in Headers */ = {isa = PBXBuildFile; fileRef = 33BF4005163396BE006DEAAE /* MainViewController.h */; };
		33FA7EC01633C9F2002603A5 /* iOSNativeApp.h in Headers */ = {isa = PBXBuildFile; fileRef = 33BF400A163398BC006DEAAE /* iOSNativeApp.h */; };
		33FA7EC11633C9F2002603A5 /* UIDevice-Hardware.h in Headers */ = {isa = PBXBuildFile; fileRef = 33FA7E7D1633AF7E002603A5 /* UIDevice-Hardware.h */; };
		33FA81531633DD35002603A5 /* AppleHelpers.mm in Sources */ = {isa = PBXBuildFile; fileRef = 33FA7E1516339AE8002603A5 /* AppleHelpers.mm */; };
		33FA82A2163542E0002603A5 /* AppDelegate.h in Headers */ = {isa = PBXBuildFile; fileRef = 33194B2715BC8A6700458F43 /* AppDelegate.h */; };
		33FA82A3163542E0002603A5 /* AppDelegate.mm in Sources */ = {isa = PBXBuildFile; fileRef = 33194B2815BC8A6700458F43 /* AppDelegate.mm */; };
		33FA82A516354763002603A5 /* QuartzCore.framework in Frameworks */ = {isa = PBXBuildFile; fileRef = 33FA82A416354762002603A5 /* QuartzCore.framework */; };
		33FA82A61635477B002603A5 /* QuartzCore.framework in Frameworks */ = {isa = PBXBuildFile; fileRef = 33FA82A416354762002603A5 /* QuartzCore.framework */; };
/* End PBXBuildFile section */

/* Begin PBXFileReference section */
		331949C515BA344A00458F43 /* Foundation.framework */ = {isa = PBXFileReference; lastKnownFileType = wrapper.framework; name = Foundation.framework; path = System/Library/Frameworks/Foundation.framework; sourceTree = SDKROOT; };
		331949E015BA34BC00458F43 /* IntMain.h */ = {isa = PBXFileReference; fileEncoding = 4; lastKnownFileType = sourcecode.c.h; name = IntMain.h; path = ../Main/IntMain.h; sourceTree = "<group>"; };
		331949E115BA34BC00458F43 /* NativeApp_inl.h */ = {isa = PBXFileReference; fileEncoding = 4; lastKnownFileType = sourcecode.c.h; name = NativeApp_inl.h; path = ../Main/NativeApp_inl.h; sourceTree = "<group>"; };
		331949E215BA34BC00458F43 /* NativeApp.cpp */ = {isa = PBXFileReference; fileEncoding = 4; lastKnownFileType = sourcecode.cpp.cpp; name = NativeApp.cpp; path = ../Main/NativeApp.cpp; sourceTree = "<group>"; };
		331949E315BA34BC00458F43 /* NativeApp.h */ = {isa = PBXFileReference; fileEncoding = 4; lastKnownFileType = sourcecode.c.h; name = NativeApp.h; path = ../Main/NativeApp.h; sourceTree = "<group>"; };
		331949E415BA34BC00458F43 /* NativeAppBackend.h */ = {isa = PBXFileReference; fileEncoding = 4; lastKnownFileType = sourcecode.c.h; name = NativeAppBackend.h; path = ../Main/NativeAppBackend.h; sourceTree = "<group>"; };
		331949E515BA34BC00458F43 /* NativeAppDef.h */ = {isa = PBXFileReference; fileEncoding = 4; lastKnownFileType = sourcecode.c.h; name = NativeAppDef.h; path = ../Main/NativeAppDef.h; sourceTree = "<group>"; };
		331949E615BA34BC00458F43 /* NativeDeviceContext.h */ = {isa = PBXFileReference; fileEncoding = 4; lastKnownFileType = sourcecode.c.h; name = NativeDeviceContext.h; path = ../Main/NativeDeviceContext.h; sourceTree = "<group>"; };
		331949E715BA34BC00458F43 /* null_CloudStorage.cpp */ = {isa = PBXFileReference; fileEncoding = 4; lastKnownFileType = sourcecode.cpp.cpp; name = null_CloudStorage.cpp; path = ../Main/null_CloudStorage.cpp; sourceTree = "<group>"; };
		331949E815BA34BC00458F43 /* QtAppMain.cpp */ = {isa = PBXFileReference; fileEncoding = 4; lastKnownFileType = sourcecode.cpp.cpp; name = QtAppMain.cpp; path = ../Main/QtAppMain.cpp; sourceTree = "<group>"; };
		331949E915BA34BC00458F43 /* QtAppMain.h */ = {isa = PBXFileReference; fileEncoding = 4; lastKnownFileType = sourcecode.c.h; name = QtAppMain.h; path = ../Main/QtAppMain.h; sourceTree = "<group>"; };
		331949EB15BA34BC00458F43 /* OSXNativeApp.h */ = {isa = PBXFileReference; fileEncoding = 4; lastKnownFileType = sourcecode.c.h; name = OSXNativeApp.h; path = ../Main/OSX/OSXNativeApp.h; sourceTree = "<group>"; };
		331949EC15BA34BC00458F43 /* OSXNativeApp.mm */ = {isa = PBXFileReference; fileEncoding = 4; lastKnownFileType = sourcecode.cpp.objcpp; name = OSXNativeApp.mm; path = ../Main/OSX/OSXNativeApp.mm; sourceTree = "<group>"; };
		331949FD15BA356300458F43 /* MainBuild.xcconfig */ = {isa = PBXFileReference; lastKnownFileType = text.xcconfig; name = MainBuild.xcconfig; path = XCConfig/MainBuild.xcconfig; sourceTree = "<group>"; };
		33194A0115BA368300458F43 /* QtCore.framework */ = {isa = PBXFileReference; lastKnownFileType = wrapper.framework; name = QtCore.framework; path = "../../../Extern/Qt-4.8.2/QtCore.framework"; sourceTree = "<group>"; };
		33194A0215BA368300458F43 /* QtGui.framework */ = {isa = PBXFileReference; lastKnownFileType = wrapper.framework; name = QtGui.framework; path = "../../../Extern/Qt-4.8.2/QtGui.framework"; sourceTree = "<group>"; };
		33194A0315BA368300458F43 /* QtOpenGL.framework */ = {isa = PBXFileReference; lastKnownFileType = wrapper.framework; name = QtOpenGL.framework; path = "../../../Extern/Qt-4.8.2/QtOpenGL.framework"; sourceTree = "<group>"; };
		33194A0715BA36A900458F43 /* Cg.framework */ = {isa = PBXFileReference; lastKnownFileType = wrapper.framework; name = Cg.framework; path = "../../../Extern/Cg-3.1.0013/Cg.framework"; sourceTree = "<group>"; };
		33194A2515BA4F4A00458F43 /* OSXMain.mm */ = {isa = PBXFileReference; fileEncoding = 4; lastKnownFileType = sourcecode.cpp.objcpp; name = OSXMain.mm; path = ../Main/OSX/OSXMain.mm; sourceTree = "<group>"; };
		33194B2715BC8A6700458F43 /* AppDelegate.h */ = {isa = PBXFileReference; lastKnownFileType = sourcecode.c.h; name = AppDelegate.h; path = ../Main/OSX/AppDelegate.h; sourceTree = "<group>"; };
		33194B2815BC8A6700458F43 /* AppDelegate.mm */ = {isa = PBXFileReference; lastKnownFileType = sourcecode.cpp.objcpp; name = AppDelegate.mm; path = ../Main/OSX/AppDelegate.mm; sourceTree = "<group>"; };
		336836C715D41CB400EE9472 /* GameKit.framework */ = {isa = PBXFileReference; lastKnownFileType = wrapper.framework; name = GameKit.framework; path = System/Library/Frameworks/GameKit.framework; sourceTree = SDKROOT; };
		336836C915D41E8D00EE9472 /* AppleGameCenter.h */ = {isa = PBXFileReference; fileEncoding = 4; lastKnownFileType = sourcecode.c.h; name = AppleGameCenter.h; path = ../Main/AppleGameCenter.h; sourceTree = "<group>"; };
		336836CA15D41E8D00EE9472 /* AppleGameCenter.mm */ = {isa = PBXFileReference; fileEncoding = 4; lastKnownFileType = sourcecode.cpp.objcpp; name = AppleGameCenter.mm; path = ../Main/AppleGameCenter.mm; sourceTree = "<group>"; };
		336836E315D471C700EE9472 /* Carbon.framework */ = {isa = PBXFileReference; lastKnownFileType = wrapper.framework; name = Carbon.framework; path = System/Library/Frameworks/Carbon.framework; sourceTree = SDKROOT; };
		337AE54615BF033700AD1617 /* GLContext.h */ = {isa = PBXFileReference; fileEncoding = 4; lastKnownFileType = sourcecode.c.h; name = GLContext.h; path = ../Main/GL/GLContext.h; sourceTree = "<group>"; };
		337AE78415BF21A600AD1617 /* MainGoldenDebugiOS.xcconfig */ = {isa = PBXFileReference; lastKnownFileType = text.xcconfig; name = MainGoldenDebugiOS.xcconfig; path = XCConfig/MainGoldenDebugiOS.xcconfig; sourceTree = "<group>"; };
		337AE78515BF21A600AD1617 /* MainGoldenDebugOSX.xcconfig */ = {isa = PBXFileReference; lastKnownFileType = text.xcconfig; name = MainGoldenDebugOSX.xcconfig; path = XCConfig/MainGoldenDebugOSX.xcconfig; sourceTree = "<group>"; };
		337AE78615BF21A600AD1617 /* MainGoldenReleaseiOS.xcconfig */ = {isa = PBXFileReference; lastKnownFileType = text.xcconfig; name = MainGoldenReleaseiOS.xcconfig; path = XCConfig/MainGoldenReleaseiOS.xcconfig; sourceTree = "<group>"; };
		337AE78715BF21A700AD1617 /* MainGoldenReleaseOSX.xcconfig */ = {isa = PBXFileReference; lastKnownFileType = text.xcconfig; name = MainGoldenReleaseOSX.xcconfig; path = XCConfig/MainGoldenReleaseOSX.xcconfig; sourceTree = "<group>"; };
		338CDF0B15BC8F820058DFF5 /* MainDeveloperDebugOSX.xcconfig */ = {isa = PBXFileReference; lastKnownFileType = text.xcconfig; name = MainDeveloperDebugOSX.xcconfig; path = XCConfig/MainDeveloperDebugOSX.xcconfig; sourceTree = "<group>"; };
		338CDF0C15BC8F820058DFF5 /* MainDeveloperReleaseOSX.xcconfig */ = {isa = PBXFileReference; lastKnownFileType = text.xcconfig; name = MainDeveloperReleaseOSX.xcconfig; path = XCConfig/MainDeveloperReleaseOSX.xcconfig; sourceTree = "<group>"; };
		338CDF0D15BC8F820058DFF5 /* MainShipDebugiOS.xcconfig */ = {isa = PBXFileReference; lastKnownFileType = text.xcconfig; name = MainShipDebugiOS.xcconfig; path = XCConfig/MainShipDebugiOS.xcconfig; sourceTree = "<group>"; };
		338CDF0E15BC8F820058DFF5 /* MainShipDebugOSX.xcconfig */ = {isa = PBXFileReference; lastKnownFileType = text.xcconfig; name = MainShipDebugOSX.xcconfig; path = XCConfig/MainShipDebugOSX.xcconfig; sourceTree = "<group>"; };
		338CDF0F15BC8F820058DFF5 /* MainShipReleaseiOS.xcconfig */ = {isa = PBXFileReference; lastKnownFileType = text.xcconfig; name = MainShipReleaseiOS.xcconfig; path = XCConfig/MainShipReleaseiOS.xcconfig; sourceTree = "<group>"; };
		338CDF1015BC8F820058DFF5 /* MainShipReleaseOSX.xcconfig */ = {isa = PBXFileReference; lastKnownFileType = text.xcconfig; name = MainShipReleaseOSX.xcconfig; path = XCConfig/MainShipReleaseOSX.xcconfig; sourceTree = "<group>"; };
		33BF3FF9163378D0006DEAAE /* AppDelegate.h */ = {isa = PBXFileReference; fileEncoding = 4; lastKnownFileType = sourcecode.c.h; path = AppDelegate.h; sourceTree = "<group>"; };
		33BF3FFA163378D0006DEAAE /* AppDelegate.mm */ = {isa = PBXFileReference; fileEncoding = 4; lastKnownFileType = sourcecode.cpp.objcpp; path = AppDelegate.mm; sourceTree = "<group>"; };
		33BF3FFE16337A49006DEAAE /* ViewController_iPad.xib */ = {isa = PBXFileReference; fileEncoding = 4; lastKnownFileType = file.xib; path = ViewController_iPad.xib; sourceTree = "<group>"; };
		33BF3FFF16337A49006DEAAE /* ViewController_iPhone.xib */ = {isa = PBXFileReference; fileEncoding = 4; lastKnownFileType = file.xib; path = ViewController_iPhone.xib; sourceTree = "<group>"; };
		33BF400016338420006DEAAE /* EAGLView.h */ = {isa = PBXFileReference; fileEncoding = 4; lastKnownFileType = sourcecode.c.h; path = EAGLView.h; sourceTree = "<group>"; };
		33BF400116338420006DEAAE /* EAGLView.mm */ = {isa = PBXFileReference; fileEncoding = 4; lastKnownFileType = sourcecode.cpp.objcpp; path = EAGLView.mm; sourceTree = "<group>"; };
		33BF4005163396BE006DEAAE /* MainViewController.h */ = {isa = PBXFileReference; fileEncoding = 4; lastKnownFileType = sourcecode.c.h; path = MainViewController.h; sourceTree = "<group>"; };
		33BF4006163396BF006DEAAE /* MainViewController.mm */ = {isa = PBXFileReference; fileEncoding = 4; lastKnownFileType = sourcecode.cpp.objcpp; path = MainViewController.mm; sourceTree = "<group>"; };
		33BF400A163398BC006DEAAE /* iOSNativeApp.h */ = {isa = PBXFileReference; fileEncoding = 4; lastKnownFileType = sourcecode.c.h; path = iOSNativeApp.h; sourceTree = "<group>"; };
		33BF400B163398BD006DEAAE /* iOSNativeApp.mm */ = {isa = PBXFileReference; fileEncoding = 4; lastKnownFileType = sourcecode.cpp.objcpp; path = iOSNativeApp.mm; sourceTree = "<group>"; };
		33BF400F163398C6006DEAAE /* main.m */ = {isa = PBXFileReference; fileEncoding = 4; lastKnownFileType = sourcecode.c.objc; path = main.m; sourceTree = "<group>"; };
		33FA7E1516339AE8002603A5 /* AppleHelpers.mm */ = {isa = PBXFileReference; fileEncoding = 4; lastKnownFileType = sourcecode.cpp.objcpp; name = AppleHelpers.mm; path = ../Main/AppleHelpers.mm; sourceTree = "<group>"; };
		33FA7E7D1633AF7E002603A5 /* UIDevice-Hardware.h */ = {isa = PBXFileReference; fileEncoding = 4; lastKnownFileType = sourcecode.c.h; path = "UIDevice-Hardware.h"; sourceTree = "<group>"; };
		33FA7E7E1633AF7E002603A5 /* UIDevice-Hardware.m */ = {isa = PBXFileReference; fileEncoding = 4; lastKnownFileType = sourcecode.c.objc; path = "UIDevice-Hardware.m"; sourceTree = "<group>"; };
		33FA81001633CBC5002603A5 /* libMainShipOSX.a */ = {isa = PBXFileReference; explicitFileType = archive.ar; includeInIndex = 0; path = libMainShipOSX.a; sourceTree = BUILT_PRODUCTS_DIR; };
		33FA81011633CBC5002603A5 /* libMainShipiOS.a */ = {isa = PBXFileReference; explicitFileType = archive.ar; includeInIndex = 0; path = libMainShipiOS.a; sourceTree = BUILT_PRODUCTS_DIR; };
		33FA81021633CBC5002603A5 /* libMainGoldenOSX.a */ = {isa = PBXFileReference; explicitFileType = archive.ar; includeInIndex = 0; path = libMainGoldenOSX.a; sourceTree = BUILT_PRODUCTS_DIR; };
		33FA81031633CBC5002603A5 /* libMainDeveloper.a */ = {isa = PBXFileReference; explicitFileType = archive.ar; includeInIndex = 0; path = libMainDeveloper.a; sourceTree = BUILT_PRODUCTS_DIR; };
		33FA81041633CBC5002603A5 /* libMainGoldeniOS.a */ = {isa = PBXFileReference; explicitFileType = archive.ar; includeInIndex = 0; path = libMainGoldeniOS.a; sourceTree = BUILT_PRODUCTS_DIR; };
		33FA82A416354762002603A5 /* QuartzCore.framework */ = {isa = PBXFileReference; lastKnownFileType = wrapper.framework; name = QuartzCore.framework; path = Platforms/iPhoneOS.platform/Developer/SDKs/iPhoneOS6.0.sdk/System/Library/Frameworks/QuartzCore.framework; sourceTree = DEVELOPER_DIR; };
/* End PBXFileReference section */

/* Begin PBXFrameworksBuildPhase section */
		331949AF15BA343800458F43 /* Frameworks */ = {
			isa = PBXFrameworksBuildPhase;
			buildActionMask = 2147483647;
			files = (
			);
			runOnlyForDeploymentPostprocessing = 0;
		};
		331949C015BA344A00458F43 /* Frameworks */ = {
			isa = PBXFrameworksBuildPhase;
			buildActionMask = 2147483647;
			files = (
				33FA82A516354763002603A5 /* QuartzCore.framework in Frameworks */,
				331949C615BA344A00458F43 /* Foundation.framework in Frameworks */,
			);
			runOnlyForDeploymentPostprocessing = 0;
		};
		33194B2B15BC8A8400458F43 /* Frameworks */ = {
			isa = PBXFrameworksBuildPhase;
			buildActionMask = 2147483647;
			files = (
				33188E9D15BCA6E800C69D36 /* QtCore.framework in Frameworks */,
				33188E9E15BCA6E800C69D36 /* QtGui.framework in Frameworks */,
				33188E9F15BCA6E800C69D36 /* QtOpenGL.framework in Frameworks */,
				33188E9B15BCA6D900C69D36 /* Cg.framework in Frameworks */,
			);
			runOnlyForDeploymentPostprocessing = 0;
		};
		337AE77515BF217000AD1617 /* Frameworks */ = {
			isa = PBXFrameworksBuildPhase;
			buildActionMask = 2147483647;
			files = (
			);
			runOnlyForDeploymentPostprocessing = 0;
		};
		33FA7EB21633C9F2002603A5 /* Frameworks */ = {
			isa = PBXFrameworksBuildPhase;
			buildActionMask = 2147483647;
			files = (
				33FA82A61635477B002603A5 /* QuartzCore.framework in Frameworks */,
				33FA7EB31633C9F2002603A5 /* Foundation.framework in Frameworks */,
			);
			runOnlyForDeploymentPostprocessing = 0;
		};
/* End PBXFrameworksBuildPhase section */

/* Begin PBXGroup section */
		331949A715BA343700458F43 = {
			isa = PBXGroup;
			children = (
				331949DE15BA34BC00458F43 /* Source */,
				331949FC15BA352400458F43 /* XCConfig */,
				331949C415BA344A00458F43 /* Frameworks */,
				33FA813D1633CBEB002603A5 /* Products */,
			);
			sourceTree = "<group>";
		};
		331949C415BA344A00458F43 /* Frameworks */ = {
			isa = PBXGroup;
			children = (
				33FA82A416354762002603A5 /* QuartzCore.framework */,
				336836E315D471C700EE9472 /* Carbon.framework */,
				336836C715D41CB400EE9472 /* GameKit.framework */,
				33194A0715BA36A900458F43 /* Cg.framework */,
				33194A0115BA368300458F43 /* QtCore.framework */,
				33194A0215BA368300458F43 /* QtGui.framework */,
				33194A0315BA368300458F43 /* QtOpenGL.framework */,
				331949C515BA344A00458F43 /* Foundation.framework */,
			);
			name = Frameworks;
			sourceTree = "<group>";
		};
		331949DE15BA34BC00458F43 /* Source */ = {
			isa = PBXGroup;
			children = (
				337AE54415BF032900AD1617 /* GL */,
				331949DF15BA34BC00458F43 /* OSX */,
				33BF3FF8163378D0006DEAAE /* iOS */,
				336836C915D41E8D00EE9472 /* AppleGameCenter.h */,
				336836CA15D41E8D00EE9472 /* AppleGameCenter.mm */,
				33FA7E1516339AE8002603A5 /* AppleHelpers.mm */,
				331949E015BA34BC00458F43 /* IntMain.h */,
				331949E215BA34BC00458F43 /* NativeApp.cpp */,
				331949E315BA34BC00458F43 /* NativeApp.h */,
				331949E115BA34BC00458F43 /* NativeApp_inl.h */,
				331949E415BA34BC00458F43 /* NativeAppBackend.h */,
				331949E515BA34BC00458F43 /* NativeAppDef.h */,
				331949E615BA34BC00458F43 /* NativeDeviceContext.h */,
				331949E715BA34BC00458F43 /* null_CloudStorage.cpp */,
				331949E815BA34BC00458F43 /* QtAppMain.cpp */,
				331949E915BA34BC00458F43 /* QtAppMain.h */,
			);
			name = Source;
			sourceTree = "<group>";
		};
		331949DF15BA34BC00458F43 /* OSX */ = {
			isa = PBXGroup;
			children = (
				33194B2715BC8A6700458F43 /* AppDelegate.h */,
				33194B2815BC8A6700458F43 /* AppDelegate.mm */,
				33194A2515BA4F4A00458F43 /* OSXMain.mm */,
				331949EB15BA34BC00458F43 /* OSXNativeApp.h */,
				331949EC15BA34BC00458F43 /* OSXNativeApp.mm */,
			);
			name = OSX;
			sourceTree = "<group>";
		};
		331949FC15BA352400458F43 /* XCConfig */ = {
			isa = PBXGroup;
			children = (
				331949FD15BA356300458F43 /* MainBuild.xcconfig */,
				338CDF0B15BC8F820058DFF5 /* MainDeveloperDebugOSX.xcconfig */,
				338CDF0C15BC8F820058DFF5 /* MainDeveloperReleaseOSX.xcconfig */,
				337AE78415BF21A600AD1617 /* MainGoldenDebugiOS.xcconfig */,
				337AE78515BF21A600AD1617 /* MainGoldenDebugOSX.xcconfig */,
				337AE78615BF21A600AD1617 /* MainGoldenReleaseiOS.xcconfig */,
				337AE78715BF21A700AD1617 /* MainGoldenReleaseOSX.xcconfig */,
				338CDF0D15BC8F820058DFF5 /* MainShipDebugiOS.xcconfig */,
				338CDF0E15BC8F820058DFF5 /* MainShipDebugOSX.xcconfig */,
				338CDF0F15BC8F820058DFF5 /* MainShipReleaseiOS.xcconfig */,
				338CDF1015BC8F820058DFF5 /* MainShipReleaseOSX.xcconfig */,
			);
			name = XCConfig;
			sourceTree = "<group>";
		};
		337AE54415BF032900AD1617 /* GL */ = {
			isa = PBXGroup;
			children = (
				337AE54615BF033700AD1617 /* GLContext.h */,
			);
			name = GL;
			sourceTree = "<group>";
		};
		33BF3FF8163378D0006DEAAE /* iOS */ = {
			isa = PBXGroup;
			children = (
				33BF3FFE16337A49006DEAAE /* ViewController_iPad.xib */,
				33BF3FFF16337A49006DEAAE /* ViewController_iPhone.xib */,
				33BF3FF9163378D0006DEAAE /* AppDelegate.h */,
				33BF3FFA163378D0006DEAAE /* AppDelegate.mm */,
				33BF400016338420006DEAAE /* EAGLView.h */,
				33BF400116338420006DEAAE /* EAGLView.mm */,
				33BF400A163398BC006DEAAE /* iOSNativeApp.h */,
				33BF400B163398BD006DEAAE /* iOSNativeApp.mm */,
				33BF400F163398C6006DEAAE /* main.m */,
				33BF4005163396BE006DEAAE /* MainViewController.h */,
				33BF4006163396BF006DEAAE /* MainViewController.mm */,
				33FA7E7D1633AF7E002603A5 /* UIDevice-Hardware.h */,
				33FA7E7E1633AF7E002603A5 /* UIDevice-Hardware.m */,
			);
			name = iOS;
			path = ../Main/iOS;
			sourceTree = "<group>";
		};
		33FA813D1633CBEB002603A5 /* Products */ = {
			isa = PBXGroup;
			children = (
				33FA81001633CBC5002603A5 /* libMainShipOSX.a */,
				33FA81011633CBC5002603A5 /* libMainShipiOS.a */,
				33FA81021633CBC5002603A5 /* libMainGoldenOSX.a */,
				33FA81031633CBC5002603A5 /* libMainDeveloper.a */,
				33FA81041633CBC5002603A5 /* libMainGoldeniOS.a */,
			);
			name = Products;
			sourceTree = "<group>";
		};
/* End PBXGroup section */

/* Begin PBXHeadersBuildPhase section */
		331949B015BA343800458F43 /* Headers */ = {
			isa = PBXHeadersBuildPhase;
			buildActionMask = 2147483647;
			files = (
				331949F015BA34BC00458F43 /* IntMain.h in Headers */,
				331949F115BA34BC00458F43 /* NativeApp_inl.h in Headers */,
				331949F315BA34BC00458F43 /* NativeApp.h in Headers */,
				331949F415BA34BC00458F43 /* NativeAppBackend.h in Headers */,
				331949F515BA34BC00458F43 /* NativeAppDef.h in Headers */,
				331949F615BA34BC00458F43 /* NativeDeviceContext.h in Headers */,
				337AE54715BF033700AD1617 /* GLContext.h in Headers */,
				336836CB15D41E8D00EE9472 /* AppleGameCenter.h in Headers */,
			);
			runOnlyForDeploymentPostprocessing = 0;
		};
		331949C115BA344A00458F43 /* Headers */ = {
			isa = PBXHeadersBuildPhase;
			buildActionMask = 2147483647;
			files = (
				330A99B415BCA114002A81EC /* IntMain.h in Headers */,
				330A99B515BCA114002A81EC /* NativeApp_inl.h in Headers */,
				330A99B715BCA114002A81EC /* NativeApp.h in Headers */,
				330A99B815BCA114002A81EC /* NativeAppBackend.h in Headers */,
				330A99B915BCA114002A81EC /* NativeAppDef.h in Headers */,
				330A99BA15BCA114002A81EC /* NativeDeviceContext.h in Headers */,
				337AE54815BF033700AD1617 /* GLContext.h in Headers */,
				336836CC15D41E8D00EE9472 /* AppleGameCenter.h in Headers */,
				33BF3FFB163378D0006DEAAE /* AppDelegate.h in Headers */,
				33BF400216338420006DEAAE /* EAGLView.h in Headers */,
				33BF4007163396BF006DEAAE /* MainViewController.h in Headers */,
				33BF400C163398BD006DEAAE /* iOSNativeApp.h in Headers */,
				33FA7E7F1633AF7E002603A5 /* UIDevice-Hardware.h in Headers */,
			);
			runOnlyForDeploymentPostprocessing = 0;
		};
		33194B2C15BC8A8400458F43 /* Headers */ = {
			isa = PBXHeadersBuildPhase;
			buildActionMask = 2147483647;
			files = (
				330A99BD15BCA115002A81EC /* IntMain.h in Headers */,
				330A99BE15BCA115002A81EC /* NativeApp_inl.h in Headers */,
				330A99C015BCA115002A81EC /* NativeApp.h in Headers */,
				330A99C115BCA115002A81EC /* NativeAppBackend.h in Headers */,
				330A99C215BCA115002A81EC /* NativeAppDef.h in Headers */,
				330A99C315BCA115002A81EC /* NativeDeviceContext.h in Headers */,
				330A99C715BCA126002A81EC /* OSXNativeApp.h in Headers */,
				330A99CD15BCA1D6002A81EC /* QtAppMain.h in Headers */,
				337AE54915BF033700AD1617 /* GLContext.h in Headers */,
				33FA82A2163542E0002603A5 /* AppDelegate.h in Headers */,
			);
			runOnlyForDeploymentPostprocessing = 0;
		};
		337AE77615BF217000AD1617 /* Headers */ = {
			isa = PBXHeadersBuildPhase;
			buildActionMask = 2147483647;
			files = (
				337AE77715BF217000AD1617 /* OSXNativeApp.h in Headers */,
				337AE77815BF217000AD1617 /* IntMain.h in Headers */,
				337AE77915BF217000AD1617 /* NativeApp_inl.h in Headers */,
				337AE77A15BF217000AD1617 /* NativeApp.h in Headers */,
				337AE77B15BF217000AD1617 /* NativeAppBackend.h in Headers */,
				337AE77C15BF217000AD1617 /* NativeAppDef.h in Headers */,
				337AE77D15BF217000AD1617 /* NativeDeviceContext.h in Headers */,
				337AE77E15BF217000AD1617 /* AppDelegate.h in Headers */,
				337AE77F15BF217000AD1617 /* GLContext.h in Headers */,
				336836CD15D41E8D00EE9472 /* AppleGameCenter.h in Headers */,
			);
			runOnlyForDeploymentPostprocessing = 0;
		};
		33FA7EB41633C9F2002603A5 /* Headers */ = {
			isa = PBXHeadersBuildPhase;
			buildActionMask = 2147483647;
			files = (
				33FA7EB51633C9F2002603A5 /* IntMain.h in Headers */,
				33FA7EB61633C9F2002603A5 /* NativeApp_inl.h in Headers */,
				33FA7EB71633C9F2002603A5 /* NativeApp.h in Headers */,
				33FA7EB81633C9F2002603A5 /* NativeAppBackend.h in Headers */,
				33FA7EB91633C9F2002603A5 /* NativeAppDef.h in Headers */,
				33FA7EBA1633C9F2002603A5 /* NativeDeviceContext.h in Headers */,
				33FA7EBB1633C9F2002603A5 /* GLContext.h in Headers */,
				33FA7EBC1633C9F2002603A5 /* AppleGameCenter.h in Headers */,
				33FA7EBD1633C9F2002603A5 /* AppDelegate.h in Headers */,
				33FA7EBE1633C9F2002603A5 /* EAGLView.h in Headers */,
				33FA7EBF1633C9F2002603A5 /* MainViewController.h in Headers */,
				33FA7EC01633C9F2002603A5 /* iOSNativeApp.h in Headers */,
				33FA7EC11633C9F2002603A5 /* UIDevice-Hardware.h in Headers */,
			);
			runOnlyForDeploymentPostprocessing = 0;
		};
/* End PBXHeadersBuildPhase section */

/* Begin PBXNativeTarget section */
		331949B115BA343800458F43 /* MainShipOSX */ = {
			isa = PBXNativeTarget;
			buildConfigurationList = 331949B615BA343800458F43 /* Build configuration list for PBXNativeTarget "MainShipOSX" */;
			buildPhases = (
				331949AE15BA343800458F43 /* Sources */,
				331949AF15BA343800458F43 /* Frameworks */,
				331949B015BA343800458F43 /* Headers */,
			);
			buildRules = (
			);
			dependencies = (
			);
			name = MainShipOSX;
			productName = Main;
			productReference = 33FA81001633CBC5002603A5 /* libMainShipOSX.a */;
			productType = "com.apple.product-type.library.static";
		};
		331949C215BA344A00458F43 /* MainShipiOS */ = {
			isa = PBXNativeTarget;
			buildConfigurationList = 331949CD15BA344A00458F43 /* Build configuration list for PBXNativeTarget "MainShipiOS" */;
			buildPhases = (
				331949BF15BA344A00458F43 /* Sources */,
				331949C015BA344A00458F43 /* Frameworks */,
				331949C115BA344A00458F43 /* Headers */,
			);
			buildRules = (
			);
			dependencies = (
			);
			name = MainShipiOS;
			productName = MainiOS;
			productReference = 33FA81011633CBC5002603A5 /* libMainShipiOS.a */;
			productType = "com.apple.product-type.library.static";
		};
		33194B2D15BC8A8400458F43 /* MainDeveloper */ = {
			isa = PBXNativeTarget;
			buildConfigurationList = 33194B2F15BC8A8400458F43 /* Build configuration list for PBXNativeTarget "MainDeveloper" */;
			buildPhases = (
				33194B2A15BC8A8400458F43 /* Sources */,
				33194B2B15BC8A8400458F43 /* Frameworks */,
				33194B2C15BC8A8400458F43 /* Headers */,
			);
			buildRules = (
			);
			dependencies = (
			);
			name = MainDeveloper;
			productName = MainDeveloper;
			productReference = 33FA81031633CBC5002603A5 /* libMainDeveloper.a */;
			productType = "com.apple.product-type.library.static";
		};
		337AE76E15BF217000AD1617 /* MainGoldenOSX */ = {
			isa = PBXNativeTarget;
			buildConfigurationList = 337AE78015BF217000AD1617 /* Build configuration list for PBXNativeTarget "MainGoldenOSX" */;
			buildPhases = (
				337AE76F15BF217000AD1617 /* Sources */,
				337AE77515BF217000AD1617 /* Frameworks */,
				337AE77615BF217000AD1617 /* Headers */,
			);
			buildRules = (
			);
			dependencies = (
			);
			name = MainGoldenOSX;
			productName = Main;
			productReference = 33FA81021633CBC5002603A5 /* libMainGoldenOSX.a */;
			productType = "com.apple.product-type.library.static";
		};
		33FA7EA51633C9F2002603A5 /* MainGoldeniOS */ = {
			isa = PBXNativeTarget;
			buildConfigurationList = 33FA7EC21633C9F2002603A5 /* Build configuration list for PBXNativeTarget "MainGoldeniOS" */;
			buildPhases = (
				33FA7EA61633C9F2002603A5 /* Sources */,
				33FA7EB21633C9F2002603A5 /* Frameworks */,
				33FA7EB41633C9F2002603A5 /* Headers */,
			);
			buildRules = (
			);
			dependencies = (
			);
			name = MainGoldeniOS;
			productName = MainiOS;
			productReference = 33FA81041633CBC5002603A5 /* libMainGoldeniOS.a */;
			productType = "com.apple.product-type.library.static";
		};
/* End PBXNativeTarget section */

/* Begin PBXProject section */
		331949A915BA343700458F43 /* Project object */ = {
			isa = PBXProject;
			attributes = {
				LastUpgradeCheck = 0450;
			};
			buildConfigurationList = 331949AC15BA343700458F43 /* Build configuration list for PBXProject "Main" */;
			compatibilityVersion = "Xcode 3.2";
			developmentRegion = English;
			hasScannedForEncodings = 0;
			knownRegions = (
				en,
			);
			mainGroup = 331949A715BA343700458F43;
			productRefGroup = 331949A715BA343700458F43;
			projectDirPath = "";
			projectRoot = "";
			targets = (
				331949B115BA343800458F43 /* MainShipOSX */,
				331949C215BA344A00458F43 /* MainShipiOS */,
				337AE76E15BF217000AD1617 /* MainGoldenOSX */,
				33194B2D15BC8A8400458F43 /* MainDeveloper */,
				33FA7EA51633C9F2002603A5 /* MainGoldeniOS */,
			);
		};
/* End PBXProject section */

/* Begin PBXSourcesBuildPhase section */
		331949AE15BA343800458F43 /* Sources */ = {
			isa = PBXSourcesBuildPhase;
			buildActionMask = 2147483647;
			files = (
				331949F215BA34BC00458F43 /* NativeApp.cpp in Sources */,
				331949F715BA34BC00458F43 /* null_CloudStorage.cpp in Sources */,
				336836CE15D41E8D00EE9472 /* AppleGameCenter.mm in Sources */,
				33FA7E1616339AE8002603A5 /* AppleHelpers.mm in Sources */,
			);
			runOnlyForDeploymentPostprocessing = 0;
		};
		331949BF15BA344A00458F43 /* Sources */ = {
			isa = PBXSourcesBuildPhase;
			buildActionMask = 2147483647;
			files = (
				330A99B615BCA114002A81EC /* NativeApp.cpp in Sources */,
				330A99BB15BCA114002A81EC /* null_CloudStorage.cpp in Sources */,
				336836CF15D41E8D00EE9472 /* AppleGameCenter.mm in Sources */,
				33BF3FFC163378D0006DEAAE /* AppDelegate.mm in Sources */,
				33BF400316338420006DEAAE /* EAGLView.mm in Sources */,
				33BF4008163396BF006DEAAE /* MainViewController.mm in Sources */,
				33BF400D163398BD006DEAAE /* iOSNativeApp.mm in Sources */,
				33BF4010163398C6006DEAAE /* main.m in Sources */,
				33FA7E1716339AE8002603A5 /* AppleHelpers.mm in Sources */,
				33FA7E801633AF7E002603A5 /* UIDevice-Hardware.m in Sources */,
			);
			runOnlyForDeploymentPostprocessing = 0;
		};
		33194B2A15BC8A8400458F43 /* Sources */ = {
			isa = PBXSourcesBuildPhase;
			buildActionMask = 2147483647;
			files = (
				330A99BF15BCA115002A81EC /* NativeApp.cpp in Sources */,
				330A99C415BCA115002A81EC /* null_CloudStorage.cpp in Sources */,
				330A99C815BCA126002A81EC /* OSXNativeApp.mm in Sources */,
				330A99CC15BCA1D6002A81EC /* QtAppMain.cpp in Sources */,
				33FA81531633DD35002603A5 /* AppleHelpers.mm in Sources */,
				33FA82A3163542E0002603A5 /* AppDelegate.mm in Sources */,
				338BD5061638DCF600468A4D /* AppleGameCenter.mm in Sources */,
				338BD50A1638DDD800468A4D /* OSXMain.mm in Sources */,
			);
			runOnlyForDeploymentPostprocessing = 0;
		};
		337AE76F15BF217000AD1617 /* Sources */ = {
			isa = PBXSourcesBuildPhase;
			buildActionMask = 2147483647;
			files = (
				337AE77015BF217000AD1617 /* OSXNativeApp.mm in Sources */,
				337AE77115BF217000AD1617 /* NativeApp.cpp in Sources */,
				337AE77215BF217000AD1617 /* null_CloudStorage.cpp in Sources */,
				337AE77315BF217000AD1617 /* OSXMain.mm in Sources */,
				337AE77415BF217000AD1617 /* AppDelegate.mm in Sources */,
				336836D015D41E8D00EE9472 /* AppleGameCenter.mm in Sources */,
				33FA7EA21633C9BB002603A5 /* AppleHelpers.mm in Sources */,
			);
			runOnlyForDeploymentPostprocessing = 0;
		};
		33FA7EA61633C9F2002603A5 /* Sources */ = {
			isa = PBXSourcesBuildPhase;
			buildActionMask = 2147483647;
			files = (
				33FA7EA71633C9F2002603A5 /* NativeApp.cpp in Sources */,
				33FA7EA81633C9F2002603A5 /* null_CloudStorage.cpp in Sources */,
				33FA7EAA1633C9F2002603A5 /* AppleGameCenter.mm in Sources */,
				33FA7EAB1633C9F2002603A5 /* AppDelegate.mm in Sources */,
				33FA7EAC1633C9F2002603A5 /* EAGLView.mm in Sources */,
				33FA7EAD1633C9F2002603A5 /* MainViewController.mm in Sources */,
				33FA7EAE1633C9F2002603A5 /* iOSNativeApp.mm in Sources */,
				33FA7EAF1633C9F2002603A5 /* main.m in Sources */,
				33FA7EB01633C9F2002603A5 /* AppleHelpers.mm in Sources */,
				33FA7EB11633C9F2002603A5 /* UIDevice-Hardware.m in Sources */,
			);
			runOnlyForDeploymentPostprocessing = 0;
		};
/* End PBXSourcesBuildPhase section */

/* Begin XCBuildConfiguration section */
		331949B415BA343800458F43 /* Debug */ = {
			isa = XCBuildConfiguration;
			buildSettings = {
				ALWAYS_SEARCH_USER_PATHS = NO;
				ARCHS = "$(ARCHS_STANDARD_64_BIT)";
				COPY_PHASE_STRIP = NO;
				GCC_C_LANGUAGE_STANDARD = gnu99;
				GCC_DYNAMIC_NO_PIC = NO;
				GCC_ENABLE_OBJC_EXCEPTIONS = YES;
				GCC_OPTIMIZATION_LEVEL = 0;
				GCC_PREPROCESSOR_DEFINITIONS = (
					"DEBUG=1",
					"$(inherited)",
				);
				GCC_SYMBOLS_PRIVATE_EXTERN = NO;
				GCC_VERSION = com.apple.compilers.llvm.clang.1_0;
				GCC_WARN_64_TO_32_BIT_CONVERSION = YES;
				GCC_WARN_ABOUT_RETURN_TYPE = YES;
				GCC_WARN_UNINITIALIZED_AUTOS = YES;
				GCC_WARN_UNUSED_VARIABLE = YES;
				MACOSX_DEPLOYMENT_TARGET = 10.7;
				ONLY_ACTIVE_ARCH = YES;
				SDKROOT = macosx;
			};
			name = Debug;
		};
		331949B515BA343800458F43 /* Release */ = {
			isa = XCBuildConfiguration;
			buildSettings = {
				ALWAYS_SEARCH_USER_PATHS = NO;
				ARCHS = "$(ARCHS_STANDARD_64_BIT)";
				COPY_PHASE_STRIP = YES;
				DEBUG_INFORMATION_FORMAT = "dwarf-with-dsym";
				GCC_C_LANGUAGE_STANDARD = gnu99;
				GCC_ENABLE_OBJC_EXCEPTIONS = YES;
				GCC_VERSION = com.apple.compilers.llvm.clang.1_0;
				GCC_WARN_64_TO_32_BIT_CONVERSION = YES;
				GCC_WARN_ABOUT_RETURN_TYPE = YES;
				GCC_WARN_UNINITIALIZED_AUTOS = YES;
				GCC_WARN_UNUSED_VARIABLE = YES;
				MACOSX_DEPLOYMENT_TARGET = 10.7;
				SDKROOT = macosx;
			};
			name = Release;
		};
		331949B715BA343800458F43 /* Debug */ = {
			isa = XCBuildConfiguration;
			baseConfigurationReference = 338CDF0E15BC8F820058DFF5 /* MainShipDebugOSX.xcconfig */;
			buildSettings = {
				EXECUTABLE_PREFIX = lib;
				FRAMEWORK_SEARCH_PATHS = (
					"$(inherited)",
					"\"$(SRCROOT)/../../../Extern/Qt-4.8.2\"",
					"\"$(SRCROOT)/../../../Extern/Cg-3.1.0013\"",
					"\"$(SYSTEM_LIBRARY_DIR)/Frameworks/Carbon.framework/Versions/A/Frameworks\"",
				);
				PRODUCT_NAME = "$(TARGET_NAME)";
			};
			name = Debug;
		};
		331949B815BA343800458F43 /* Release */ = {
			isa = XCBuildConfiguration;
			baseConfigurationReference = 338CDF1015BC8F820058DFF5 /* MainShipReleaseOSX.xcconfig */;
			buildSettings = {
				EXECUTABLE_PREFIX = lib;
				FRAMEWORK_SEARCH_PATHS = (
					"$(inherited)",
					"\"$(SRCROOT)/../../../Extern/Qt-4.8.2\"",
					"\"$(SRCROOT)/../../../Extern/Cg-3.1.0013\"",
					"\"$(SYSTEM_LIBRARY_DIR)/Frameworks/Carbon.framework/Versions/A/Frameworks\"",
				);
				PRODUCT_NAME = "$(TARGET_NAME)";
			};
			name = Release;
		};
		331949CE15BA344A00458F43 /* Debug */ = {
			isa = XCBuildConfiguration;
			baseConfigurationReference = 338CDF0D15BC8F820058DFF5 /* MainShipDebugiOS.xcconfig */;
			buildSettings = {
				DSTROOT = /tmp/MainiOS.dst;
				PRODUCT_NAME = "$(TARGET_NAME)";
			};
			name = Debug;
		};
		331949CF15BA344A00458F43 /* Release */ = {
			isa = XCBuildConfiguration;
			baseConfigurationReference = 338CDF0F15BC8F820058DFF5 /* MainShipReleaseiOS.xcconfig */;
			buildSettings = {
				DSTROOT = /tmp/MainiOS.dst;
				PRODUCT_NAME = "$(TARGET_NAME)";
			};
			name = Release;
		};
		33194B3015BC8A8400458F43 /* Debug */ = {
			isa = XCBuildConfiguration;
			baseConfigurationReference = 338CDF0B15BC8F820058DFF5 /* MainDeveloperDebugOSX.xcconfig */;
			buildSettings = {
				ALWAYS_SEARCH_USER_PATHS = NO;
				EXECUTABLE_PREFIX = lib;
				FRAMEWORK_SEARCH_PATHS = (
					"$(inherited)",
					"\"$(SRCROOT)/../../../Extern/Cg-3.1.0013\"",
					"\"$(SRCROOT)/../../../Extern/Qt-4.8.2\"",
				);
				GCC_SYMBOLS_PRIVATE_EXTERN = NO;
				GCC_WARN_UNINITIALIZED_AUTOS = YES;
				GCC_WARN_UNUSED_VARIABLE = YES;
				PRODUCT_NAME = "$(TARGET_NAME)";
			};
			name = Debug;
		};
		33194B3215BC8A8400458F43 /* Release */ = {
			isa = XCBuildConfiguration;
			baseConfigurationReference = 338CDF0C15BC8F820058DFF5 /* MainDeveloperReleaseOSX.xcconfig */;
			buildSettings = {
				ALWAYS_SEARCH_USER_PATHS = NO;
				EXECUTABLE_PREFIX = lib;
				FRAMEWORK_SEARCH_PATHS = (
					"$(inherited)",
					"\"$(SRCROOT)/../../../Extern/Cg-3.1.0013\"",
					"\"$(SRCROOT)/../../../Extern/Qt-4.8.2\"",
				);
				GCC_WARN_UNINITIALIZED_AUTOS = YES;
				GCC_WARN_UNUSED_VARIABLE = YES;
				PRODUCT_NAME = "$(TARGET_NAME)";
			};
			name = Release;
		};
		337AE78115BF217000AD1617 /* Debug */ = {
			isa = XCBuildConfiguration;
			baseConfigurationReference = 337AE78515BF21A600AD1617 /* MainGoldenDebugOSX.xcconfig */;
			buildSettings = {
				EXECUTABLE_PREFIX = lib;
				FRAMEWORK_SEARCH_PATHS = (
					"$(inherited)",
					"\"$(SRCROOT)/../../../Extern/Qt-4.8.2\"",
					"\"$(SRCROOT)/../../../Extern/Cg-3.1.0013\"",
				);
				PRODUCT_NAME = "$(TARGET_NAME)";
			};
			name = Debug;
		};
		337AE78215BF217000AD1617 /* Release */ = {
			isa = XCBuildConfiguration;
			baseConfigurationReference = 337AE78715BF21A700AD1617 /* MainGoldenReleaseOSX.xcconfig */;
			buildSettings = {
				EXECUTABLE_PREFIX = lib;
				FRAMEWORK_SEARCH_PATHS = (
					"$(inherited)",
					"\"$(SRCROOT)/../../../Extern/Qt-4.8.2\"",
					"\"$(SRCROOT)/../../../Extern/Cg-3.1.0013\"",
				);
				PRODUCT_NAME = "$(TARGET_NAME)";
			};
			name = Release;
		};
		33FA7EC31633C9F2002603A5 /* Debug */ = {
			isa = XCBuildConfiguration;
			baseConfigurationReference = 337AE78415BF21A600AD1617 /* MainGoldenDebugiOS.xcconfig */;
			buildSettings = {
				DSTROOT = /tmp/MainiOS.dst;
				PRODUCT_NAME = MainGoldeniOS;
			};
			name = Debug;
		};
		33FA7EC41633C9F2002603A5 /* Release */ = {
			isa = XCBuildConfiguration;
			baseConfigurationReference = 337AE78615BF21A600AD1617 /* MainGoldenReleaseiOS.xcconfig */;
			buildSettings = {
				DSTROOT = /tmp/MainiOS.dst;
				PRODUCT_NAME = MainGoldeniOS;
			};
			name = Release;
		};
/* End XCBuildConfiguration section */

/* Begin XCConfigurationList section */
		331949AC15BA343700458F43 /* Build configuration list for PBXProject "Main" */ = {
			isa = XCConfigurationList;
			buildConfigurations = (
				331949B415BA343800458F43 /* Debug */,
				331949B515BA343800458F43 /* Release */,
			);
			defaultConfigurationIsVisible = 0;
			defaultConfigurationName = Release;
		};
		331949B615BA343800458F43 /* Build configuration list for PBXNativeTarget "MainShipOSX" */ = {
			isa = XCConfigurationList;
			buildConfigurations = (
				331949B715BA343800458F43 /* Debug */,
				331949B815BA343800458F43 /* Release */,
			);
			defaultConfigurationIsVisible = 0;
			defaultConfigurationName = Release;
		};
		331949CD15BA344A00458F43 /* Build configuration list for PBXNativeTarget "MainShipiOS" */ = {
			isa = XCConfigurationList;
			buildConfigurations = (
				331949CE15BA344A00458F43 /* Debug */,
				331949CF15BA344A00458F43 /* Release */,
			);
			defaultConfigurationIsVisible = 0;
			defaultConfigurationName = Release;
		};
		33194B2F15BC8A8400458F43 /* Build configuration list for PBXNativeTarget "MainDeveloper" */ = {
			isa = XCConfigurationList;
			buildConfigurations = (
				33194B3015BC8A8400458F43 /* Debug */,
				33194B3215BC8A8400458F43 /* Release */,
			);
			defaultConfigurationIsVisible = 0;
			defaultConfigurationName = Release;
		};
		337AE78015BF217000AD1617 /* Build configuration list for PBXNativeTarget "MainGoldenOSX" */ = {
			isa = XCConfigurationList;
			buildConfigurations = (
				337AE78115BF217000AD1617 /* Debug */,
				337AE78215BF217000AD1617 /* Release */,
			);
			defaultConfigurationIsVisible = 0;
			defaultConfigurationName = Release;
		};
		33FA7EC21633C9F2002603A5 /* Build configuration list for PBXNativeTarget "MainGoldeniOS" */ = {
			isa = XCConfigurationList;
			buildConfigurations = (
				33FA7EC31633C9F2002603A5 /* Debug */,
				33FA7EC41633C9F2002603A5 /* Release */,
			);
			defaultConfigurationIsVisible = 0;
			defaultConfigurationName = Release;
		};
/* End XCConfigurationList section */
	};
	rootObject = 331949A915BA343700458F43 /* Project object */;
}
