<?xml version="1.0" encoding="utf-8"?>
<Project ToolsVersion="4.0" xmlns="http://schemas.microsoft.com/developer/msbuild/2003">
  <ItemGroup>
    <Filter Include="Source">
      <UniqueIdentifier>{dce5c4fa-f2b4-4442-a805-839e5e24048b}</UniqueIdentifier>
    </Filter>
  </ItemGroup>
  <ItemGroup>
    <ClCompile Include="..\..\..\..\Extern\boost-1.4.9\libs\thread\src\win32\thread.cpp">
      <Filter>Source</Filter>
    </ClCompile>
    <ClCompile Include="..\..\..\..\Extern\boost-1.4.9\libs\thread\src\win32\tss_dll.cpp">
      <Filter>Source</Filter>
    </ClCompile>
    <ClCompile Include="..\..\..\..\Extern\boost-1.4.9\libs\thread\src\win32\tss_pe.cpp">
      <Filter>Source</Filter>
    </ClCompile>
  </ItemGroup>
</Project>