<?xml version="1.0" encoding="utf-8"?>
<Project ToolsVersion="4.0" xmlns="http://schemas.microsoft.com/developer/msbuild/2003">
  <ItemGroup>
    <Filter Include="Source">
      <UniqueIdentifier>{c6b9a4cd-f839-4400-aad5-dcc0f72422e2}</UniqueIdentifier>
    </Filter>
  </ItemGroup>
  <ItemGroup>
    <ClCompile Include="..\..\..\..\Extern\LuaJIT-1.1.8\src\lvm.c">
      <Filter>Source</Filter>
    </ClCompile>
    <ClCompile Include="..\..\..\..\Extern\LuaJIT-1.1.8\src\lzio.c">
      <Filter>Source</Filter>
    </ClCompile>
    <ClCompile Include="..\..\..\..\Extern\LuaJIT-1.1.8\src\lapi.c">
      <Filter>Source</Filter>
    </ClCompile>
    <ClCompile Include="..\..\..\..\Extern\LuaJIT-1.1.8\src\lauxlib.c">
      <Filter>Source</Filter>
    </ClCompile>
    <ClCompile Include="..\..\..\..\Extern\LuaJIT-1.1.8\src\lbaselib.c">
      <Filter>Source</Filter>
    </ClCompile>
    <ClCompile Include="..\..\..\..\Extern\LuaJIT-1.1.8\src\lcoco.c">
      <Filter>Source</Filter>
    </ClCompile>
    <ClCompile Include="..\..\..\..\Extern\LuaJIT-1.1.8\src\lcode.c">
      <Filter>Source</Filter>
    </ClCompile>
    <ClCompile Include="..\..\..\..\Extern\LuaJIT-1.1.8\src\ldblib.c">
      <Filter>Source</Filter>
    </ClCompile>
    <ClCompile Include="..\..\..\..\Extern\LuaJIT-1.1.8\src\ldebug.c">
      <Filter>Source</Filter>
    </ClCompile>
    <ClCompile Include="..\..\..\..\Extern\LuaJIT-1.1.8\src\ldo.c">
      <Filter>Source</Filter>
    </ClCompile>
    <ClCompile Include="..\..\..\..\Extern\LuaJIT-1.1.8\src\ldump.c">
      <Filter>Source</Filter>
    </ClCompile>
    <ClCompile Include="..\..\..\..\Extern\LuaJIT-1.1.8\src\lfunc.c">
      <Filter>Source</Filter>
    </ClCompile>
    <ClCompile Include="..\..\..\..\Extern\LuaJIT-1.1.8\src\lgc.c">
      <Filter>Source</Filter>
    </ClCompile>
    <ClCompile Include="..\..\..\..\Extern\LuaJIT-1.1.8\src\linit.c">
      <Filter>Source</Filter>
    </ClCompile>
    <ClCompile Include="..\..\..\..\Extern\LuaJIT-1.1.8\src\liolib.c">
      <Filter>Source</Filter>
    </ClCompile>
    <ClCompile Include="..\..\..\..\Extern\LuaJIT-1.1.8\src\ljit_backend.c">
      <Filter>Source</Filter>
    </ClCompile>
    <ClCompile Include="..\..\..\..\Extern\LuaJIT-1.1.8\src\ljit_core.c">
      <Filter>Source</Filter>
    </ClCompile>
    <ClCompile Include="..\..\..\..\Extern\LuaJIT-1.1.8\src\ljit_dasm.c">
      <Filter>Source</Filter>
    </ClCompile>
    <ClCompile Include="..\..\..\..\Extern\LuaJIT-1.1.8\src\ljit_mem.c">
      <Filter>Source</Filter>
    </ClCompile>
    <ClCompile Include="..\..\..\..\Extern\LuaJIT-1.1.8\src\ljitlib.c">
      <Filter>Source</Filter>
    </ClCompile>
    <ClCompile Include="..\..\..\..\Extern\LuaJIT-1.1.8\src\llex.c">
      <Filter>Source</Filter>
    </ClCompile>
    <ClCompile Include="..\..\..\..\Extern\LuaJIT-1.1.8\src\lmathlib.c">
      <Filter>Source</Filter>
    </ClCompile>
    <ClCompile Include="..\..\..\..\Extern\LuaJIT-1.1.8\src\lmem.c">
      <Filter>Source</Filter>
    </ClCompile>
    <ClCompile Include="..\..\..\..\Extern\LuaJIT-1.1.8\src\loadlib.c">
      <Filter>Source</Filter>
    </ClCompile>
    <ClCompile Include="..\..\..\..\Extern\LuaJIT-1.1.8\src\lobject.c">
      <Filter>Source</Filter>
    </ClCompile>
    <ClCompile Include="..\..\..\..\Extern\LuaJIT-1.1.8\src\lopcodes.c">
      <Filter>Source</Filter>
    </ClCompile>
    <ClCompile Include="..\..\..\..\Extern\LuaJIT-1.1.8\src\loslib.c">
      <Filter>Source</Filter>
    </ClCompile>
    <ClCompile Include="..\..\..\..\Extern\LuaJIT-1.1.8\src\lparser.c">
      <Filter>Source</Filter>
    </ClCompile>
    <ClCompile Include="..\..\..\..\Extern\LuaJIT-1.1.8\src\lstate.c">
      <Filter>Source</Filter>
    </ClCompile>
    <ClCompile Include="..\..\..\..\Extern\LuaJIT-1.1.8\src\lstring.c">
      <Filter>Source</Filter>
    </ClCompile>
    <ClCompile Include="..\..\..\..\Extern\LuaJIT-1.1.8\src\lstrlib.c">
      <Filter>Source</Filter>
    </ClCompile>
    <ClCompile Include="..\..\..\..\Extern\LuaJIT-1.1.8\src\ltable.c">
      <Filter>Source</Filter>
    </ClCompile>
    <ClCompile Include="..\..\..\..\Extern\LuaJIT-1.1.8\src\ltablib.c">
      <Filter>Source</Filter>
    </ClCompile>
    <ClCompile Include="..\..\..\..\Extern\LuaJIT-1.1.8\src\ltm.c">
      <Filter>Source</Filter>
    </ClCompile>
    <ClCompile Include="..\..\..\..\Extern\LuaJIT-1.1.8\src\lundump.c">
      <Filter>Source</Filter>
    </ClCompile>
    <ClCompile Include="..\..\..\..\Extern\LuaJIT-1.1.8\src\bitop.c">
      <Filter>Source</Filter>
    </ClCompile>
  </ItemGroup>
</Project>