<?xml version="1.0" encoding="utf-8"?>
<Project ToolsVersion="4.0" xmlns="http://schemas.microsoft.com/developer/msbuild/2003">
  <ItemGroup>
    <Filter Include="Source">
      <UniqueIdentifier>{3e6b7283-b39e-4ac1-b2ea-76cc593430ac}</UniqueIdentifier>
    </Filter>
  </ItemGroup>
  <ItemGroup>
    <ClCompile Include="..\..\..\..\Extern\zlib-1.2.3\ZLib\adler32.c">
      <Filter>Source</Filter>
    </ClCompile>
    <ClCompile Include="..\..\..\..\Extern\zlib-1.2.3\ZLib\compress.c">
      <Filter>Source</Filter>
    </ClCompile>
    <ClCompile Include="..\..\..\..\Extern\zlib-1.2.3\ZLib\crc32.c">
      <Filter>Source</Filter>
    </ClCompile>
    <ClCompile Include="..\..\..\..\Extern\zlib-1.2.3\ZLib\deflate.c">
      <Filter>Source</Filter>
    </ClCompile>
    <ClCompile Include="..\..\..\..\Extern\zlib-1.2.3\ZLib\gzclose.c">
      <Filter>Source</Filter>
    </ClCompile>
    <ClCompile Include="..\..\..\..\Extern\zlib-1.2.3\ZLib\gzlib.c">
      <Filter>Source</Filter>
    </ClCompile>
    <ClCompile Include="..\..\..\..\Extern\zlib-1.2.3\ZLib\gzread.c">
      <Filter>Source</Filter>
    </ClCompile>
    <ClCompile Include="..\..\..\..\Extern\zlib-1.2.3\ZLib\gzwrite.c">
      <Filter>Source</Filter>
    </ClCompile>
    <ClCompile Include="..\..\..\..\Extern\zlib-1.2.3\ZLib\infback.c">
      <Filter>Source</Filter>
    </ClCompile>
    <ClCompile Include="..\..\..\..\Extern\zlib-1.2.3\ZLib\inffast.c">
      <Filter>Source</Filter>
    </ClCompile>
    <ClCompile Include="..\..\..\..\Extern\zlib-1.2.3\ZLib\inflate.c">
      <Filter>Source</Filter>
    </ClCompile>
    <ClCompile Include="..\..\..\..\Extern\zlib-1.2.3\ZLib\inftrees.c">
      <Filter>Source</Filter>
    </ClCompile>
    <ClCompile Include="..\..\..\..\Extern\zlib-1.2.3\ZLib\uncompr.c">
      <Filter>Source</Filter>
    </ClCompile>
    <ClCompile Include="..\..\..\..\Extern\zlib-1.2.3\ZLib\zutil.c">
      <Filter>Source</Filter>
    </ClCompile>
    <ClCompile Include="..\..\..\..\Extern\zlib-1.2.3\ZLib\trees.c">
      <Filter>Source</Filter>
    </ClCompile>
  </ItemGroup>
</Project>