// !$*UTF8*$!
{
	archiveVersion = 1;
	classes = {
	};
	objectVersion = 46;
	objects = {

/* Begin PBXBuildFile section */
		339E0A371389C645004B5DC9 /* bitrate.c in Sources */ = {isa = PBXBuildFile; fileRef = 339E0A1F1389C645004B5DC9 /* bitrate.c */; };
		339E0A381389C645004B5DC9 /* block.c in Sources */ = {isa = PBXBuildFile; fileRef = 339E0A201389C645004B5DC9 /* block.c */; };
		339E0A391389C645004B5DC9 /* codebook.c in Sources */ = {isa = PBXBuildFile; fileRef = 339E0A211389C645004B5DC9 /* codebook.c */; };
		339E0A3A1389C645004B5DC9 /* envelope.c in Sources */ = {isa = PBXBuildFile; fileRef = 339E0A221389C645004B5DC9 /* envelope.c */; };
		339E0A3B1389C645004B5DC9 /* floor0.c in Sources */ = {isa = PBXBuildFile; fileRef = 339E0A231389C645004B5DC9 /* floor0.c */; };
		339E0A3C1389C645004B5DC9 /* floor1.c in Sources */ = {isa = PBXBuildFile; fileRef = 339E0A241389C645004B5DC9 /* floor1.c */; };
		339E0A3D1389C645004B5DC9 /* info.c in Sources */ = {isa = PBXBuildFile; fileRef = 339E0A251389C645004B5DC9 /* info.c */; };
		339E0A3E1389C645004B5DC9 /* lookup.c in Sources */ = {isa = PBXBuildFile; fileRef = 339E0A261389C645004B5DC9 /* lookup.c */; };
		339E0A3F1389C645004B5DC9 /* lpc.c in Sources */ = {isa = PBXBuildFile; fileRef = 339E0A271389C645004B5DC9 /* lpc.c */; };
		339E0A401389C645004B5DC9 /* lsp.c in Sources */ = {isa = PBXBuildFile; fileRef = 339E0A281389C645004B5DC9 /* lsp.c */; };
		339E0A411389C645004B5DC9 /* mapping0.c in Sources */ = {isa = PBXBuildFile; fileRef = 339E0A291389C645004B5DC9 /* mapping0.c */; };
		339E0A421389C645004B5DC9 /* mdct.c in Sources */ = {isa = PBXBuildFile; fileRef = 339E0A2A1389C645004B5DC9 /* mdct.c */; };
		339E0A431389C645004B5DC9 /* psy.c in Sources */ = {isa = PBXBuildFile; fileRef = 339E0A2B1389C645004B5DC9 /* psy.c */; };
		339E0A451389C645004B5DC9 /* registry.c in Sources */ = {isa = PBXBuildFile; fileRef = 339E0A2D1389C645004B5DC9 /* registry.c */; };
		339E0A461389C645004B5DC9 /* res0.c in Sources */ = {isa = PBXBuildFile; fileRef = 339E0A2E1389C645004B5DC9 /* res0.c */; };
		339E0A471389C645004B5DC9 /* sharedbook.c in Sources */ = {isa = PBXBuildFile; fileRef = 339E0A2F1389C645004B5DC9 /* sharedbook.c */; };
		339E0A481389C645004B5DC9 /* synthesis.c in Sources */ = {isa = PBXBuildFile; fileRef = 339E0A301389C645004B5DC9 /* synthesis.c */; };
		339E0A4A1389C645004B5DC9 /* vorbisenc.c in Sources */ = {isa = PBXBuildFile; fileRef = 339E0A321389C645004B5DC9 /* vorbisenc.c */; };
		339E0A4B1389C645004B5DC9 /* vorbisfile.c in Sources */ = {isa = PBXBuildFile; fileRef = 339E0A331389C645004B5DC9 /* vorbisfile.c */; };
		339E0A4C1389C645004B5DC9 /* window.c in Sources */ = {isa = PBXBuildFile; fileRef = 339E0A341389C645004B5DC9 /* window.c */; };
		339E0AD61389D435004B5DC9 /* smallft.c in Sources */ = {isa = PBXBuildFile; fileRef = 339E0AD51389D435004B5DC9 /* smallft.c */; };
		33C3BA46146869CA0085DA56 /* analysis.c in Sources */ = {isa = PBXBuildFile; fileRef = 33C3BA45146869CA0085DA56 /* analysis.c */; };
		AACBBE4A0F95108600F1A2B1 /* Foundation.framework in Frameworks */ = {isa = PBXBuildFile; fileRef = AACBBE490F95108600F1A2B1 /* Foundation.framework */; };
/* End PBXBuildFile section */

/* Begin PBXFileReference section */
		339E0A1F1389C645004B5DC9 /* bitrate.c */ = {isa = PBXFileReference; fileEncoding = 4; lastKnownFileType = sourcecode.c.c; name = bitrate.c; path = "../../../Extern/libvorbis-1.3.2/lib/bitrate.c"; sourceTree = SOURCE_ROOT; };
		339E0A201389C645004B5DC9 /* block.c */ = {isa = PBXFileReference; fileEncoding = 4; lastKnownFileType = sourcecode.c.c; name = block.c; path = "../../../Extern/libvorbis-1.3.2/lib/block.c"; sourceTree = SOURCE_ROOT; };
		339E0A211389C645004B5DC9 /* codebook.c */ = {isa = PBXFileReference; fileEncoding = 4; lastKnownFileType = sourcecode.c.c; name = codebook.c; path = "../../../Extern/libvorbis-1.3.2/lib/codebook.c"; sourceTree = SOURCE_ROOT; };
		339E0A221389C645004B5DC9 /* envelope.c */ = {isa = PBXFileReference; fileEncoding = 4; lastKnownFileType = sourcecode.c.c; name = envelope.c; path = "../../../Extern/libvorbis-1.3.2/lib/envelope.c"; sourceTree = SOURCE_ROOT; };
		339E0A231389C645004B5DC9 /* floor0.c */ = {isa = PBXFileReference; fileEncoding = 4; lastKnownFileType = sourcecode.c.c; name = floor0.c; path = "../../../Extern/libvorbis-1.3.2/lib/floor0.c"; sourceTree = SOURCE_ROOT; };
		339E0A241389C645004B5DC9 /* floor1.c */ = {isa = PBXFileReference; fileEncoding = 4; lastKnownFileType = sourcecode.c.c; name = floor1.c; path = "../../../Extern/libvorbis-1.3.2/lib/floor1.c"; sourceTree = SOURCE_ROOT; };
		339E0A251389C645004B5DC9 /* info.c */ = {isa = PBXFileReference; fileEncoding = 4; lastKnownFileType = sourcecode.c.c; name = info.c; path = "../../../Extern/libvorbis-1.3.2/lib/info.c"; sourceTree = SOURCE_ROOT; };
		339E0A261389C645004B5DC9 /* lookup.c */ = {isa = PBXFileReference; fileEncoding = 4; lastKnownFileType = sourcecode.c.c; name = lookup.c; path = "../../../Extern/libvorbis-1.3.2/lib/lookup.c"; sourceTree = SOURCE_ROOT; };
		339E0A271389C645004B5DC9 /* lpc.c */ = {isa = PBXFileReference; fileEncoding = 4; lastKnownFileType = sourcecode.c.c; name = lpc.c; path = "../../../Extern/libvorbis-1.3.2/lib/lpc.c"; sourceTree = SOURCE_ROOT; };
		339E0A281389C645004B5DC9 /* lsp.c */ = {isa = PBXFileReference; fileEncoding = 4; lastKnownFileType = sourcecode.c.c; name = lsp.c; path = "../../../Extern/libvorbis-1.3.2/lib/lsp.c"; sourceTree = SOURCE_ROOT; };
		339E0A291389C645004B5DC9 /* mapping0.c */ = {isa = PBXFileReference; fileEncoding = 4; lastKnownFileType = sourcecode.c.c; name = mapping0.c; path = "../../../Extern/libvorbis-1.3.2/lib/mapping0.c"; sourceTree = SOURCE_ROOT; };
		339E0A2A1389C645004B5DC9 /* mdct.c */ = {isa = PBXFileReference; fileEncoding = 4; lastKnownFileType = sourcecode.c.c; name = mdct.c; path = "../../../Extern/libvorbis-1.3.2/lib/mdct.c"; sourceTree = SOURCE_ROOT; };
		339E0A2B1389C645004B5DC9 /* psy.c */ = {isa = PBXFileReference; fileEncoding = 4; lastKnownFileType = sourcecode.c.c; name = psy.c; path = "../../../Extern/libvorbis-1.3.2/lib/psy.c"; sourceTree = SOURCE_ROOT; };
		339E0A2D1389C645004B5DC9 /* registry.c */ = {isa = PBXFileReference; fileEncoding = 4; lastKnownFileType = sourcecode.c.c; name = registry.c; path = "../../../Extern/libvorbis-1.3.2/lib/registry.c"; sourceTree = SOURCE_ROOT; };
		339E0A2E1389C645004B5DC9 /* res0.c */ = {isa = PBXFileReference; fileEncoding = 4; lastKnownFileType = sourcecode.c.c; name = res0.c; path = "../../../Extern/libvorbis-1.3.2/lib/res0.c"; sourceTree = SOURCE_ROOT; };
		339E0A2F1389C645004B5DC9 /* sharedbook.c */ = {isa = PBXFileReference; fileEncoding = 4; lastKnownFileType = sourcecode.c.c; name = sharedbook.c; path = "../../../Extern/libvorbis-1.3.2/lib/sharedbook.c"; sourceTree = SOURCE_ROOT; };
		339E0A301389C645004B5DC9 /* synthesis.c */ = {isa = PBXFileReference; fileEncoding = 4; lastKnownFileType = sourcecode.c.c; name = synthesis.c; path = "../../../Extern/libvorbis-1.3.2/lib/synthesis.c"; sourceTree = SOURCE_ROOT; };
		339E0A321389C645004B5DC9 /* vorbisenc.c */ = {isa = PBXFileReference; fileEncoding = 4; lastKnownFileType = sourcecode.c.c; name = vorbisenc.c; path = "../../../Extern/libvorbis-1.3.2/lib/vorbisenc.c"; sourceTree = SOURCE_ROOT; };
		339E0A331389C645004B5DC9 /* vorbisfile.c */ = {isa = PBXFileReference; fileEncoding = 4; lastKnownFileType = sourcecode.c.c; name = vorbisfile.c; path = "../../../Extern/libvorbis-1.3.2/lib/vorbisfile.c"; sourceTree = SOURCE_ROOT; };
		339E0A341389C645004B5DC9 /* window.c */ = {isa = PBXFileReference; fileEncoding = 4; lastKnownFileType = sourcecode.c.c; name = window.c; path = "../../../Extern/libvorbis-1.3.2/lib/window.c"; sourceTree = SOURCE_ROOT; };
		339E0AD51389D435004B5DC9 /* smallft.c */ = {isa = PBXFileReference; fileEncoding = 4; lastKnownFileType = sourcecode.c.c; name = smallft.c; path = "../../../Extern/libvorbis-1.3.2/lib/smallft.c"; sourceTree = SOURCE_ROOT; };
		33C3BA45146869CA0085DA56 /* analysis.c */ = {isa = PBXFileReference; fileEncoding = 4; lastKnownFileType = sourcecode.c.c; name = analysis.c; path = "../../../Extern/libvorbis-1.3.2/lib/analysis.c"; sourceTree = "<group>"; };
		AACBBE490F95108600F1A2B1 /* Foundation.framework */ = {isa = PBXFileReference; lastKnownFileType = wrapper.framework; name = Foundation.framework; path = System/Library/Frameworks/Foundation.framework; sourceTree = SDKROOT; };
		D2AAC07E0554694100DB518D /* liblibvorbis.a */ = {isa = PBXFileReference; explicitFileType = archive.ar; includeInIndex = 0; path = liblibvorbis.a; sourceTree = BUILT_PRODUCTS_DIR; };
/* End PBXFileReference section */

/* Begin PBXFrameworksBuildPhase section */
		D2AAC07C0554694100DB518D /* Frameworks */ = {
			isa = PBXFrameworksBuildPhase;
			buildActionMask = 2147483647;
			files = (
				AACBBE4A0F95108600F1A2B1 /* Foundation.framework in Frameworks */,
			);
			runOnlyForDeploymentPostprocessing = 0;
		};
/* End PBXFrameworksBuildPhase section */

/* Begin PBXGroup section */
		034768DFFF38A50411DB9C8B /* Products */ = {
			isa = PBXGroup;
			children = (
				D2AAC07E0554694100DB518D /* liblibvorbis.a */,
			);
			name = Products;
			sourceTree = "<group>";
		};
		0867D691FE84028FC02AAC07 /* libvorbis */ = {
			isa = PBXGroup;
			children = (
				339E0A0B1389C544004B5DC9 /* Source */,
				0867D69AFE84028FC02AAC07 /* Frameworks */,
				034768DFFF38A50411DB9C8B /* Products */,
			);
			name = libvorbis;
			sourceTree = "<group>";
		};
		0867D69AFE84028FC02AAC07 /* Frameworks */ = {
			isa = PBXGroup;
			children = (
				AACBBE490F95108600F1A2B1 /* Foundation.framework */,
			);
			name = Frameworks;
			sourceTree = "<group>";
		};
		339E0A0B1389C544004B5DC9 /* Source */ = {
			isa = PBXGroup;
			children = (
				33C3BA45146869CA0085DA56 /* analysis.c */,
				339E0A1F1389C645004B5DC9 /* bitrate.c */,
				339E0A201389C645004B5DC9 /* block.c */,
				339E0A211389C645004B5DC9 /* codebook.c */,
				339E0A221389C645004B5DC9 /* envelope.c */,
				339E0A231389C645004B5DC9 /* floor0.c */,
				339E0A241389C645004B5DC9 /* floor1.c */,
				339E0A251389C645004B5DC9 /* info.c */,
				339E0A261389C645004B5DC9 /* lookup.c */,
				339E0A271389C645004B5DC9 /* lpc.c */,
				339E0A281389C645004B5DC9 /* lsp.c */,
				339E0A291389C645004B5DC9 /* mapping0.c */,
				339E0A2A1389C645004B5DC9 /* mdct.c */,
				339E0A2B1389C645004B5DC9 /* psy.c */,
				339E0A2D1389C645004B5DC9 /* registry.c */,
				339E0A2E1389C645004B5DC9 /* res0.c */,
				339E0A2F1389C645004B5DC9 /* sharedbook.c */,
				339E0AD51389D435004B5DC9 /* smallft.c */,
				339E0A301389C645004B5DC9 /* synthesis.c */,
				339E0A321389C645004B5DC9 /* vorbisenc.c */,
				339E0A331389C645004B5DC9 /* vorbisfile.c */,
				339E0A341389C645004B5DC9 /* window.c */,
			);
			name = Source;
			sourceTree = "<group>";
		};
/* End PBXGroup section */

/* Begin PBXHeadersBuildPhase section */
		D2AAC07A0554694100DB518D /* Headers */ = {
			isa = PBXHeadersBuildPhase;
			buildActionMask = 2147483647;
			files = (
			);
			runOnlyForDeploymentPostprocessing = 0;
		};
/* End PBXHeadersBuildPhase section */

/* Begin PBXNativeTarget section */
		D2AAC07D0554694100DB518D /* libvorbis */ = {
			isa = PBXNativeTarget;
			buildConfigurationList = 1DEB921E08733DC00010E9CD /* Build configuration list for PBXNativeTarget "libvorbis" */;
			buildPhases = (
				D2AAC07A0554694100DB518D /* Headers */,
				D2AAC07B0554694100DB518D /* Sources */,
				D2AAC07C0554694100DB518D /* Frameworks */,
			);
			buildRules = (
			);
			dependencies = (
			);
			name = libvorbis;
			productName = libvorbis;
			productReference = D2AAC07E0554694100DB518D /* liblibvorbis.a */;
			productType = "com.apple.product-type.library.static";
		};
/* End PBXNativeTarget section */

/* Begin PBXProject section */
		0867D690FE84028FC02AAC07 /* Project object */ = {
			isa = PBXProject;
			attributes = {
				LastUpgradeCheck = 0430;
			};
			buildConfigurationList = 1DEB922208733DC00010E9CD /* Build configuration list for PBXProject "libvorbis" */;
			compatibilityVersion = "Xcode 3.2";
			developmentRegion = English;
			hasScannedForEncodings = 1;
			knownRegions = (
				English,
				Japanese,
				French,
				German,
			);
			mainGroup = 0867D691FE84028FC02AAC07 /* libvorbis */;
			productRefGroup = 034768DFFF38A50411DB9C8B /* Products */;
			projectDirPath = "";
			projectRoot = "";
			targets = (
				D2AAC07D0554694100DB518D /* libvorbis */,
			);
		};
/* End PBXProject section */

/* Begin PBXSourcesBuildPhase section */
		D2AAC07B0554694100DB518D /* Sources */ = {
			isa = PBXSourcesBuildPhase;
			buildActionMask = 2147483647;
			files = (
				339E0A371389C645004B5DC9 /* bitrate.c in Sources */,
				339E0A381389C645004B5DC9 /* block.c in Sources */,
				339E0A391389C645004B5DC9 /* codebook.c in Sources */,
				339E0A3A1389C645004B5DC9 /* envelope.c in Sources */,
				339E0A3B1389C645004B5DC9 /* floor0.c in Sources */,
				339E0A3C1389C645004B5DC9 /* floor1.c in Sources */,
				339E0A3D1389C645004B5DC9 /* info.c in Sources */,
				339E0A3E1389C645004B5DC9 /* lookup.c in Sources */,
				339E0A3F1389C645004B5DC9 /* lpc.c in Sources */,
				339E0A401389C645004B5DC9 /* lsp.c in Sources */,
				339E0A411389C645004B5DC9 /* mapping0.c in Sources */,
				339E0A421389C645004B5DC9 /* mdct.c in Sources */,
				339E0A431389C645004B5DC9 /* psy.c in Sources */,
				339E0A451389C645004B5DC9 /* registry.c in Sources */,
				339E0A461389C645004B5DC9 /* res0.c in Sources */,
				339E0A471389C645004B5DC9 /* sharedbook.c in Sources */,
				339E0A481389C645004B5DC9 /* synthesis.c in Sources */,
				339E0A4A1389C645004B5DC9 /* vorbisenc.c in Sources */,
				339E0A4B1389C645004B5DC9 /* vorbisfile.c in Sources */,
				339E0A4C1389C645004B5DC9 /* window.c in Sources */,
				339E0AD61389D435004B5DC9 /* smallft.c in Sources */,
				33C3BA46146869CA0085DA56 /* analysis.c in Sources */,
			);
			runOnlyForDeploymentPostprocessing = 0;
		};
/* End PBXSourcesBuildPhase section */

/* Begin XCBuildConfiguration section */
		1DEB921F08733DC00010E9CD /* Debug */ = {
			isa = XCBuildConfiguration;
			buildSettings = {
				ALWAYS_SEARCH_USER_PATHS = NO;
				COPY_PHASE_STRIP = NO;
				DSTROOT = /tmp/libvorbis.dst;
				GCC_DYNAMIC_NO_PIC = NO;
				GCC_OPTIMIZATION_LEVEL = 0;
				GCC_PRECOMPILE_PREFIX_HEADER = YES;
				GCC_PREFIX_HEADER = libvorbis_Prefix.pch;
				GCC_VERSION = com.apple.compilers.llvm.clang.1_0;
				INSTALL_PATH = /usr/local/lib;
				PRODUCT_NAME = libvorbis;
				SKIP_INSTALL = YES;
			};
			name = Debug;
		};
		1DEB922008733DC00010E9CD /* Developer */ = {
			isa = XCBuildConfiguration;
			buildSettings = {
				ALWAYS_SEARCH_USER_PATHS = NO;
				DSTROOT = /tmp/libvorbis.dst;
				GCC_PRECOMPILE_PREFIX_HEADER = YES;
				GCC_PREFIX_HEADER = libvorbis_Prefix.pch;
				GCC_VERSION = com.apple.compilers.llvm.clang.1_0;
				INSTALL_PATH = /usr/local/lib;
				PRODUCT_NAME = libvorbis;
				SKIP_INSTALL = YES;
			};
			name = Developer;
		};
		1DEB922308733DC00010E9CD /* Debug */ = {
			isa = XCBuildConfiguration;
			buildSettings = {
				GCC_C_LANGUAGE_STANDARD = c99;
				GCC_OPTIMIZATION_LEVEL = 0;
				GCC_VERSION = com.apple.compilers.llvmgcc42;
				GCC_WARN_ABOUT_RETURN_TYPE = YES;
				GCC_WARN_UNUSED_VARIABLE = YES;
				HEADER_SEARCH_PATHS = (
					"../../../Extern/libogg-1.2.2/include",
					"../../../Extern/libvorbis-1.3.2/include",
					"../../../Extern/libvorbis-1.3.2/lib",
				);
				IPHONEOS_DEPLOYMENT_TARGET = 4.3;
				OTHER_LDFLAGS = (
					"-all_load",
					"-ObjC",
				);
				SDKROOT = iphoneos;
				TARGETED_DEVICE_FAMILY = "1,2";
				USE_HEADERMAP = NO;
				VALID_ARCHS = armv7;
			};
			name = Debug;
		};
		1DEB922408733DC00010E9CD /* Developer */ = {
			isa = XCBuildConfiguration;
			buildSettings = {
				GCC_C_LANGUAGE_STANDARD = c99;
				GCC_GENERATE_DEBUGGING_SYMBOLS = NO;
				GCC_OPTIMIZATION_LEVEL = 3;
				GCC_VERSION = com.apple.compilers.llvmgcc42;
				GCC_WARN_ABOUT_RETURN_TYPE = YES;
				GCC_WARN_UNUSED_VARIABLE = YES;
				HEADER_SEARCH_PATHS = (
					"../../../Extern/libogg-1.2.2/include",
					"../../../Extern/libvorbis-1.3.2/include",
					"../../../Extern/libvorbis-1.3.2/lib",
				);
				IPHONEOS_DEPLOYMENT_TARGET = 4.3;
				OTHER_LDFLAGS = (
					"-all_load",
					"-ObjC",
				);
				SDKROOT = iphoneos;
				TARGETED_DEVICE_FAMILY = "1,2";
				USE_HEADERMAP = NO;
				VALID_ARCHS = armv7;
			};
			name = Developer;
		};
		334F8517144D57510093BDEE /* GoldenNoOpt */ = {
			isa = XCBuildConfiguration;
			buildSettings = {
				GCC_C_LANGUAGE_STANDARD = c99;
				GCC_GENERATE_DEBUGGING_SYMBOLS = NO;
				GCC_OPTIMIZATION_LEVEL = 0;
				GCC_VERSION = com.apple.compilers.llvmgcc42;
				GCC_WARN_ABOUT_RETURN_TYPE = YES;
				GCC_WARN_UNUSED_VARIABLE = YES;
				HEADER_SEARCH_PATHS = (
					"../../../Extern/libogg-1.2.2/include",
					"../../../Extern/libvorbis-1.3.2/include",
					"../../../Extern/libvorbis-1.3.2/lib",
				);
				IPHONEOS_DEPLOYMENT_TARGET = 4.3;
				OTHER_LDFLAGS = (
					"-all_load",
					"-ObjC",
				);
				SDKROOT = iphoneos;
				TARGETED_DEVICE_FAMILY = "1,2";
				USE_HEADERMAP = NO;
				VALID_ARCHS = armv7;
			};
			name = GoldenNoOpt;
		};
		334F8518144D57510093BDEE /* GoldenNoOpt */ = {
			isa = XCBuildConfiguration;
			buildSettings = {
				ALWAYS_SEARCH_USER_PATHS = NO;
				DSTROOT = /tmp/libvorbis.dst;
				GCC_PRECOMPILE_PREFIX_HEADER = YES;
				GCC_PREFIX_HEADER = libvorbis_Prefix.pch;
				GCC_VERSION = com.apple.compilers.llvm.clang.1_0;
				INSTALL_PATH = /usr/local/lib;
				PRODUCT_NAME = libvorbis;
				SKIP_INSTALL = YES;
			};
			name = GoldenNoOpt;
		};
		339E0A601389C70F004B5DC9 /* Golden */ = {
			isa = XCBuildConfiguration;
			buildSettings = {
				GCC_C_LANGUAGE_STANDARD = c99;
				GCC_GENERATE_DEBUGGING_SYMBOLS = NO;
				GCC_OPTIMIZATION_LEVEL = 3;
				GCC_VERSION = com.apple.compilers.llvmgcc42;
				GCC_WARN_ABOUT_RETURN_TYPE = YES;
				GCC_WARN_UNUSED_VARIABLE = YES;
				HEADER_SEARCH_PATHS = (
					"../../../Extern/libogg-1.2.2/include",
					"../../../Extern/libvorbis-1.3.2/include",
					"../../../Extern/libvorbis-1.3.2/lib",
				);
				IPHONEOS_DEPLOYMENT_TARGET = 4.3;
				OTHER_LDFLAGS = (
					"-all_load",
					"-ObjC",
				);
				SDKROOT = iphoneos;
				TARGETED_DEVICE_FAMILY = "1,2";
				USE_HEADERMAP = NO;
				VALID_ARCHS = armv7;
			};
			name = Golden;
		};
		339E0A611389C70F004B5DC9 /* Golden */ = {
			isa = XCBuildConfiguration;
			buildSettings = {
				ALWAYS_SEARCH_USER_PATHS = NO;
				DSTROOT = /tmp/libvorbis.dst;
				GCC_PRECOMPILE_PREFIX_HEADER = YES;
				GCC_PREFIX_HEADER = libvorbis_Prefix.pch;
				GCC_VERSION = com.apple.compilers.llvm.clang.1_0;
				INSTALL_PATH = /usr/local/lib;
				PRODUCT_NAME = libvorbis;
				SKIP_INSTALL = YES;
			};
			name = Golden;
		};
		33ACD72D14CC7476007E46F7 /* App Store */ = {
			isa = XCBuildConfiguration;
			buildSettings = {
				GCC_C_LANGUAGE_STANDARD = c99;
				GCC_GENERATE_DEBUGGING_SYMBOLS = NO;
				GCC_OPTIMIZATION_LEVEL = 3;
				GCC_VERSION = com.apple.compilers.llvmgcc42;
				GCC_WARN_ABOUT_RETURN_TYPE = YES;
				GCC_WARN_UNUSED_VARIABLE = YES;
				HEADER_SEARCH_PATHS = (
					"../../../Extern/libogg-1.2.2/include",
					"../../../Extern/libvorbis-1.3.2/include",
					"../../../Extern/libvorbis-1.3.2/lib",
				);
				IPHONEOS_DEPLOYMENT_TARGET = 4.3;
				OTHER_LDFLAGS = (
					"-all_load",
					"-ObjC",
				);
				SDKROOT = iphoneos;
				TARGETED_DEVICE_FAMILY = "1,2";
				USE_HEADERMAP = NO;
				VALID_ARCHS = armv7;
			};
			name = "App Store";
		};
		33ACD72E14CC7476007E46F7 /* App Store */ = {
			isa = XCBuildConfiguration;
			buildSettings = {
				ALWAYS_SEARCH_USER_PATHS = NO;
				DSTROOT = /tmp/libvorbis.dst;
				GCC_PRECOMPILE_PREFIX_HEADER = YES;
				GCC_PREFIX_HEADER = libvorbis_Prefix.pch;
				GCC_VERSION = com.apple.compilers.llvm.clang.1_0;
				INSTALL_PATH = /usr/local/lib;
				PRODUCT_NAME = libvorbis;
				SKIP_INSTALL = YES;
			};
			name = "App Store";
		};
		33E7443C13E282CD005E25B8 /* AdHoc */ = {
			isa = XCBuildConfiguration;
			buildSettings = {
				GCC_C_LANGUAGE_STANDARD = c99;
				GCC_GENERATE_DEBUGGING_SYMBOLS = NO;
				GCC_OPTIMIZATION_LEVEL = 3;
				GCC_VERSION = com.apple.compilers.llvmgcc42;
				GCC_WARN_ABOUT_RETURN_TYPE = YES;
				GCC_WARN_UNUSED_VARIABLE = YES;
				HEADER_SEARCH_PATHS = (
					"../../../Extern/libogg-1.2.2/include",
					"../../../Extern/libvorbis-1.3.2/include",
					"../../../Extern/libvorbis-1.3.2/lib",
				);
				IPHONEOS_DEPLOYMENT_TARGET = 4.3;
				OTHER_LDFLAGS = (
					"-all_load",
					"-ObjC",
				);
				SDKROOT = iphoneos;
				TARGETED_DEVICE_FAMILY = "1,2";
				USE_HEADERMAP = NO;
				VALID_ARCHS = armv7;
			};
			name = AdHoc;
		};
		33E7443D13E282CD005E25B8 /* AdHoc */ = {
			isa = XCBuildConfiguration;
			buildSettings = {
				ALWAYS_SEARCH_USER_PATHS = NO;
				DSTROOT = /tmp/libvorbis.dst;
				GCC_PRECOMPILE_PREFIX_HEADER = YES;
				GCC_PREFIX_HEADER = libvorbis_Prefix.pch;
				GCC_VERSION = com.apple.compilers.llvm.clang.1_0;
				INSTALL_PATH = /usr/local/lib;
				PRODUCT_NAME = libvorbis;
				SKIP_INSTALL = YES;
			};
			name = AdHoc;
		};
/* End XCBuildConfiguration section */

/* Begin XCConfigurationList section */
		1DEB921E08733DC00010E9CD /* Build configuration list for PBXNativeTarget "libvorbis" */ = {
			isa = XCConfigurationList;
			buildConfigurations = (
				1DEB921F08733DC00010E9CD /* Debug */,
				1DEB922008733DC00010E9CD /* Developer */,
				339E0A611389C70F004B5DC9 /* Golden */,
				334F8518144D57510093BDEE /* GoldenNoOpt */,
				33E7443D13E282CD005E25B8 /* AdHoc */,
				33ACD72E14CC7476007E46F7 /* App Store */,
			);
			defaultConfigurationIsVisible = 0;
			defaultConfigurationName = Golden;
		};
		1DEB922208733DC00010E9CD /* Build configuration list for PBXProject "libvorbis" */ = {
			isa = XCConfigurationList;
			buildConfigurations = (
				1DEB922308733DC00010E9CD /* Debug */,
				1DEB922408733DC00010E9CD /* Developer */,
				339E0A601389C70F004B5DC9 /* Golden */,
				334F8517144D57510093BDEE /* GoldenNoOpt */,
				33E7443C13E282CD005E25B8 /* AdHoc */,
				33ACD72D14CC7476007E46F7 /* App Store */,
			);
			defaultConfigurationIsVisible = 0;
			defaultConfigurationName = Golden;
		};
/* End XCConfigurationList section */
	};
	rootObject = 0867D690FE84028FC02AAC07 /* Project object */;
}
